{
  "version": 4,
  "terraform_version": "1.11.0",
  "serial": 99,
  "lineage": "87bfcd84-3316-e090-5bae-3242eb750808",
  "outputs": {
    "api_url_auth_init": {
      "value": "https://gh4vkppgue.execute-api.us-east-1.amazonaws.com/prod/auth/init",
      "type": "string"
    },
    "api_url_auth_login": {
      "value": "https://gh4vkppgue.execute-api.us-east-1.amazonaws.com/prod/auth/login",
      "type": "string"
    },
    "api_url_auth_register": {
      "value": "https://gh4vkppgue.execute-api.us-east-1.amazonaws.com/prod/auth/register",
      "type": "string"
    },
    "api_url_auth_tickers": {
      "value": "https://gh4vkppgue.execute-api.us-east-1.amazonaws.com/prod/auth/tickers",
      "type": "string"
    },
    "api_url_company_search": {
      "value": "https://gh4vkppgue.execute-api.us-east-1.amazonaws.com/prod/api/search/company",
      "type": "string"
    },
    "api_url_level_search": {
      "value": "https://gh4vkppgue.execute-api.us-east-1.amazonaws.com/prod/api/search/level/total_level",
      "type": "string"
    },
    "api_url_predict": {
      "value": "https://gh4vkppgue.execute-api.us-east-1.amazonaws.com/prod/api/predict",
      "type": "string"
    }
  },
  "resources": [
    {
      "mode": "data",
      "type": "aws_sagemaker_prebuilt_ecr_image",
      "name": "xgboost_image",
      "provider": "provider[\"registry.terraform.io/hashicorp/aws\"]",
      "instances": [
        {
          "schema_version": 0,
          "attributes": {
            "dns_suffix": null,
            "id": "683313688378",
            "image_tag": "1.7-1",
            "region": "us-east-1",
            "registry_id": "683313688378",
            "registry_path": "683313688378.dkr.ecr.us-east-1.amazonaws.com/sagemaker-xgboost:1.7-1",
            "repository_name": "sagemaker-xgboost"
          },
          "sensitive_attributes": []
        }
      ]
    },
    {
      "mode": "managed",
      "type": "aws_api_gateway_deployment",
      "name": "sierra_personal",
      "provider": "provider[\"registry.terraform.io/hashicorp/aws\"]",
      "instances": [
        {
          "schema_version": 0,
          "attributes": {
            "created_date": "2025-04-17T12:50:48Z",
            "description": "",
            "execution_arn": "arn:aws:execute-api:us-east-1:797976479464:gh4vkppgue/",
            "id": "9le7js",
            "invoke_url": "https://gh4vkppgue.execute-api.us-east-1.amazonaws.com/",
            "rest_api_id": "gh4vkppgue",
            "stage_description": null,
            "stage_name": null,
            "triggers": {
              "redeployment": "2025-04-17T12:50:48Z"
            },
            "variables": null
          },
          "sensitive_attributes": [],
          "private": "bnVsbA==",
          "dependencies": [
            "aws_api_gateway_integration.lambda_all",
            "aws_api_gateway_integration.lambda_health",
            "aws_api_gateway_integration.lambda_init",
            "aws_api_gateway_integration.lambda_integration_company_name",
            "aws_api_gateway_integration.lambda_integration_greater_score",
            "aws_api_gateway_integration.lambda_integration_lesser_score",
            "aws_api_gateway_integration.lambda_integration_level_rating",
            "aws_api_gateway_integration.lambda_integration_predict",
            "aws_api_gateway_integration.lambda_integration_score_range",
            "aws_api_gateway_integration.lambda_login",
            "aws_api_gateway_integration.lambda_register",
            "aws_api_gateway_integration.lambda_ticker",
            "aws_api_gateway_integration.lambda_tickers",
            "aws_api_gateway_integration.options_all",
            "aws_api_gateway_integration.options_company_name",
            "aws_api_gateway_integration.options_level_rating",
            "aws_api_gateway_integration.options_login",
            "aws_api_gateway_integration.options_register",
            "aws_api_gateway_integration.options_score_range",
            "aws_api_gateway_integration.options_ticker",
            "aws_api_gateway_integration.options_tickers",
            "aws_api_gateway_method.get_all",
            "aws_api_gateway_method.get_company_name",
            "aws_api_gateway_method.get_greater_score",
            "aws_api_gateway_method.get_health",
            "aws_api_gateway_method.get_init",
            "aws_api_gateway_method.get_lesser_score",
            "aws_api_gateway_method.get_level_rating",
            "aws_api_gateway_method.get_predict",
            "aws_api_gateway_method.get_score_range",
            "aws_api_gateway_method.get_ticker",
            "aws_api_gateway_method.options_all",
            "aws_api_gateway_method.options_company_name",
            "aws_api_gateway_method.options_level_rating",
            "aws_api_gateway_method.options_login",
            "aws_api_gateway_method.options_register",
            "aws_api_gateway_method.options_score_range",
            "aws_api_gateway_method.options_ticker",
            "aws_api_gateway_method.options_tickers",
            "aws_api_gateway_method.post_login",
            "aws_api_gateway_method.post_register",
            "aws_api_gateway_method.post_tickers",
            "aws_api_gateway_resource.all",
            "aws_api_gateway_resource.api",
            "aws_api_gateway_resource.auth",
            "aws_api_gateway_resource.company",
            "aws_api_gateway_resource.company_name",
            "aws_api_gateway_resource.esg",
            "aws_api_gateway_resource.greater",
            "aws_api_gateway_resource.greater_score_type",
            "aws_api_gateway_resource.greater_score_value",
            "aws_api_gateway_resource.health",
            "aws_api_gateway_resource.init",
            "aws_api_gateway_resource.lesser",
            "aws_api_gateway_resource.lesser_score_type",
            "aws_api_gateway_resource.lesser_score_value",
            "aws_api_gateway_resource.level",
            "aws_api_gateway_resource.login",
            "aws_api_gateway_resource.predict",
            "aws_api_gateway_resource.rating",
            "aws_api_gateway_resource.register",
            "aws_api_gateway_resource.score",
            "aws_api_gateway_resource.score_type",
            "aws_api_gateway_resource.score_value1",
            "aws_api_gateway_resource.score_value2",
            "aws_api_gateway_resource.search",
            "aws_api_gateway_resource.ticker",
            "aws_api_gateway_resource.tickers",
            "aws_api_gateway_resource.total_level",
            "aws_api_gateway_rest_api.sierra_personal",
            "aws_dynamodb_table.esg_processed",
            "aws_iam_role.lambda_role",
            "aws_lambda_function.api_handler",
            "aws_lambda_function.auth_handler",
            "aws_lambda_function.predict_handler"
          ],
          "create_before_destroy": true
        }
      ]
    },
    {
      "mode": "managed",
      "type": "aws_api_gateway_integration",
      "name": "lambda_all",
      "provider": "provider[\"registry.terraform.io/hashicorp/aws\"]",
      "instances": [
        {
          "schema_version": 0,
          "attributes": {
            "cache_key_parameters": [],
            "cache_namespace": "j5q5ah",
            "connection_id": "",
            "connection_type": "INTERNET",
            "content_handling": "",
            "credentials": "",
            "http_method": "GET",
            "id": "agi-gh4vkppgue-j5q5ah-GET",
            "integration_http_method": "POST",
            "passthrough_behavior": "WHEN_NO_MATCH",
            "request_parameters": {},
            "request_templates": {},
            "resource_id": "j5q5ah",
            "rest_api_id": "gh4vkppgue",
            "timeout_milliseconds": 29000,
            "tls_config": [],
            "type": "AWS_PROXY",
            "uri": "arn:aws:apigateway:us-east-1:lambda:path/2015-03-31/functions/arn:aws:lambda:us-east-1:797976479464:function:sierra-api-handler-personal/invocations"
          },
          "sensitive_attributes": [],
          "private": "bnVsbA==",
          "dependencies": [
            "aws_api_gateway_method.get_all",
            "aws_api_gateway_resource.all",
            "aws_api_gateway_resource.api",
            "aws_api_gateway_rest_api.sierra_personal",
            "aws_dynamodb_table.esg_processed",
            "aws_iam_role.lambda_role",
            "aws_lambda_function.api_handler"
          ],
          "create_before_destroy": true
        }
      ]
    },
    {
      "mode": "managed",
      "type": "aws_api_gateway_integration",
      "name": "lambda_get_tickers",
      "provider": "provider[\"registry.terraform.io/hashicorp/aws\"]",
      "instances": [
        {
          "schema_version": 0,
          "attributes": {
            "cache_key_parameters": null,
            "cache_namespace": "6853t2",
            "connection_id": "",
            "connection_type": "INTERNET",
            "content_handling": "",
            "credentials": "",
            "http_method": "GET",
            "id": "agi-gh4vkppgue-6853t2-GET",
            "integration_http_method": "POST",
            "passthrough_behavior": "WHEN_NO_MATCH",
            "request_parameters": null,
            "request_templates": null,
            "resource_id": "6853t2",
            "rest_api_id": "gh4vkppgue",
            "timeout_milliseconds": 29000,
            "tls_config": [],
            "type": "AWS_PROXY",
            "uri": "arn:aws:apigateway:us-east-1:lambda:path/2015-03-31/functions/arn:aws:lambda:us-east-1:797976479464:function:sierra-auth-handler-personal/invocations"
          },
          "sensitive_attributes": [],
          "private": "bnVsbA==",
          "dependencies": [
            "aws_api_gateway_method.get_tickers",
            "aws_api_gateway_resource.auth",
            "aws_api_gateway_resource.tickers",
            "aws_api_gateway_rest_api.sierra_personal",
            "aws_iam_role.lambda_role",
            "aws_lambda_function.auth_handler"
          ]
        }
      ]
    },
    {
      "mode": "managed",
      "type": "aws_api_gateway_integration",
      "name": "lambda_health",
      "provider": "provider[\"registry.terraform.io/hashicorp/aws\"]",
      "instances": [
        {
          "schema_version": 0,
          "attributes": {
            "cache_key_parameters": [],
            "cache_namespace": "3c1079",
            "connection_id": "",
            "connection_type": "INTERNET",
            "content_handling": "",
            "credentials": "",
            "http_method": "GET",
            "id": "agi-gh4vkppgue-3c1079-GET",
            "integration_http_method": "POST",
            "passthrough_behavior": "WHEN_NO_MATCH",
            "request_parameters": {},
            "request_templates": {},
            "resource_id": "3c1079",
            "rest_api_id": "gh4vkppgue",
            "timeout_milliseconds": 29000,
            "tls_config": [],
            "type": "AWS_PROXY",
            "uri": "arn:aws:apigateway:us-east-1:lambda:path/2015-03-31/functions/arn:aws:lambda:us-east-1:797976479464:function:sierra-auth-handler-personal/invocations"
          },
          "sensitive_attributes": [],
          "private": "bnVsbA==",
          "dependencies": [
            "aws_api_gateway_method.get_health",
            "aws_api_gateway_resource.auth",
            "aws_api_gateway_resource.health",
            "aws_api_gateway_rest_api.sierra_personal",
            "aws_iam_role.lambda_role",
            "aws_lambda_function.auth_handler"
          ],
          "create_before_destroy": true
        }
      ]
    },
    {
      "mode": "managed",
      "type": "aws_api_gateway_integration",
      "name": "lambda_init",
      "provider": "provider[\"registry.terraform.io/hashicorp/aws\"]",
      "instances": [
        {
          "schema_version": 0,
          "attributes": {
            "cache_key_parameters": [],
            "cache_namespace": "w12wk4",
            "connection_id": "",
            "connection_type": "INTERNET",
            "content_handling": "",
            "credentials": "",
            "http_method": "GET",
            "id": "agi-gh4vkppgue-w12wk4-GET",
            "integration_http_method": "POST",
            "passthrough_behavior": "WHEN_NO_MATCH",
            "request_parameters": {},
            "request_templates": {},
            "resource_id": "w12wk4",
            "rest_api_id": "gh4vkppgue",
            "timeout_milliseconds": 29000,
            "tls_config": [],
            "type": "AWS_PROXY",
            "uri": "arn:aws:apigateway:us-east-1:lambda:path/2015-03-31/functions/arn:aws:lambda:us-east-1:797976479464:function:sierra-auth-handler-personal/invocations"
          },
          "sensitive_attributes": [],
          "private": "bnVsbA==",
          "dependencies": [
            "aws_api_gateway_method.get_init",
            "aws_api_gateway_resource.auth",
            "aws_api_gateway_resource.init",
            "aws_api_gateway_rest_api.sierra_personal",
            "aws_iam_role.lambda_role",
            "aws_lambda_function.auth_handler"
          ],
          "create_before_destroy": true
        }
      ]
    },
    {
      "mode": "managed",
      "type": "aws_api_gateway_integration",
      "name": "lambda_integration_company_name",
      "provider": "provider[\"registry.terraform.io/hashicorp/aws\"]",
      "instances": [
        {
          "schema_version": 0,
          "attributes": {
            "cache_key_parameters": [],
            "cache_namespace": "jph8fw",
            "connection_id": "",
            "connection_type": "INTERNET",
            "content_handling": "",
            "credentials": "",
            "http_method": "GET",
            "id": "agi-gh4vkppgue-jph8fw-GET",
            "integration_http_method": "POST",
            "passthrough_behavior": "WHEN_NO_MATCH",
            "request_parameters": {},
            "request_templates": {},
            "resource_id": "jph8fw",
            "rest_api_id": "gh4vkppgue",
            "timeout_milliseconds": 29000,
            "tls_config": [],
            "type": "AWS_PROXY",
            "uri": "arn:aws:apigateway:us-east-1:lambda:path/2015-03-31/functions/arn:aws:lambda:us-east-1:797976479464:function:sierra-api-handler-personal/invocations"
          },
          "sensitive_attributes": [],
          "private": "bnVsbA==",
          "dependencies": [
            "aws_api_gateway_method.get_company_name",
            "aws_api_gateway_resource.api",
            "aws_api_gateway_resource.company",
            "aws_api_gateway_resource.company_name",
            "aws_api_gateway_resource.search",
            "aws_api_gateway_rest_api.sierra_personal",
            "aws_dynamodb_table.esg_processed",
            "aws_iam_role.lambda_role",
            "aws_lambda_function.api_handler"
          ],
          "create_before_destroy": true
        }
      ]
    },
    {
      "mode": "managed",
      "type": "aws_api_gateway_integration",
      "name": "lambda_integration_greater_score",
      "provider": "provider[\"registry.terraform.io/hashicorp/aws\"]",
      "instances": [
        {
          "schema_version": 0,
          "attributes": {
            "cache_key_parameters": [],
            "cache_namespace": "3glout",
            "connection_id": "",
            "connection_type": "INTERNET",
            "content_handling": "",
            "credentials": "",
            "http_method": "GET",
            "id": "agi-gh4vkppgue-3glout-GET",
            "integration_http_method": "POST",
            "passthrough_behavior": "WHEN_NO_MATCH",
            "request_parameters": {},
            "request_templates": {},
            "resource_id": "3glout",
            "rest_api_id": "gh4vkppgue",
            "timeout_milliseconds": 29000,
            "tls_config": [],
            "type": "AWS_PROXY",
            "uri": "arn:aws:apigateway:us-east-1:lambda:path/2015-03-31/functions/arn:aws:lambda:us-east-1:797976479464:function:sierra-api-handler-personal/invocations"
          },
          "sensitive_attributes": [],
          "private": "bnVsbA==",
          "dependencies": [
            "aws_api_gateway_method.get_greater_score",
            "aws_api_gateway_resource.api",
            "aws_api_gateway_resource.greater",
            "aws_api_gateway_resource.greater_score_type",
            "aws_api_gateway_resource.greater_score_value",
            "aws_api_gateway_resource.score",
            "aws_api_gateway_resource.search",
            "aws_api_gateway_rest_api.sierra_personal",
            "aws_dynamodb_table.esg_processed",
            "aws_iam_role.lambda_role",
            "aws_lambda_function.api_handler"
          ],
          "create_before_destroy": true
        }
      ]
    },
    {
      "mode": "managed",
      "type": "aws_api_gateway_integration",
      "name": "lambda_integration_lesser_score",
      "provider": "provider[\"registry.terraform.io/hashicorp/aws\"]",
      "instances": [
        {
          "schema_version": 0,
          "attributes": {
            "cache_key_parameters": [],
            "cache_namespace": "n8ezd9",
            "connection_id": "",
            "connection_type": "INTERNET",
            "content_handling": "",
            "credentials": "",
            "http_method": "GET",
            "id": "agi-gh4vkppgue-n8ezd9-GET",
            "integration_http_method": "POST",
            "passthrough_behavior": "WHEN_NO_MATCH",
            "request_parameters": {},
            "request_templates": {},
            "resource_id": "n8ezd9",
            "rest_api_id": "gh4vkppgue",
            "timeout_milliseconds": 29000,
            "tls_config": [],
            "type": "AWS_PROXY",
            "uri": "arn:aws:apigateway:us-east-1:lambda:path/2015-03-31/functions/arn:aws:lambda:us-east-1:797976479464:function:sierra-api-handler-personal/invocations"
          },
          "sensitive_attributes": [],
          "private": "bnVsbA==",
          "dependencies": [
            "aws_api_gateway_method.get_lesser_score",
            "aws_api_gateway_resource.api",
            "aws_api_gateway_resource.lesser",
            "aws_api_gateway_resource.lesser_score_type",
            "aws_api_gateway_resource.lesser_score_value",
            "aws_api_gateway_resource.score",
            "aws_api_gateway_resource.search",
            "aws_api_gateway_rest_api.sierra_personal",
            "aws_dynamodb_table.esg_processed",
            "aws_iam_role.lambda_role",
            "aws_lambda_function.api_handler"
          ],
          "create_before_destroy": true
        }
      ]
    },
    {
      "mode": "managed",
      "type": "aws_api_gateway_integration",
      "name": "lambda_integration_level_rating",
      "provider": "provider[\"registry.terraform.io/hashicorp/aws\"]",
      "instances": [
        {
          "schema_version": 0,
          "attributes": {
            "cache_key_parameters": [],
            "cache_namespace": "2yaf0c",
            "connection_id": "",
            "connection_type": "INTERNET",
            "content_handling": "",
            "credentials": "",
            "http_method": "GET",
            "id": "agi-gh4vkppgue-2yaf0c-GET",
            "integration_http_method": "POST",
            "passthrough_behavior": "WHEN_NO_MATCH",
            "request_parameters": {},
            "request_templates": {},
            "resource_id": "2yaf0c",
            "rest_api_id": "gh4vkppgue",
            "timeout_milliseconds": 29000,
            "tls_config": [],
            "type": "AWS_PROXY",
            "uri": "arn:aws:apigateway:us-east-1:lambda:path/2015-03-31/functions/arn:aws:lambda:us-east-1:797976479464:function:sierra-api-handler-personal/invocations"
          },
          "sensitive_attributes": [],
          "private": "bnVsbA==",
          "dependencies": [
            "aws_api_gateway_method.get_level_rating",
            "aws_api_gateway_resource.api",
            "aws_api_gateway_resource.level",
            "aws_api_gateway_resource.rating",
            "aws_api_gateway_resource.search",
            "aws_api_gateway_resource.total_level",
            "aws_api_gateway_rest_api.sierra_personal",
            "aws_dynamodb_table.esg_processed",
            "aws_iam_role.lambda_role",
            "aws_lambda_function.api_handler"
          ],
          "create_before_destroy": true
        }
      ]
    },
    {
      "mode": "managed",
      "type": "aws_api_gateway_integration",
      "name": "lambda_integration_predict",
      "provider": "provider[\"registry.terraform.io/hashicorp/aws\"]",
      "instances": [
        {
          "schema_version": 0,
          "attributes": {
            "cache_key_parameters": [],
            "cache_namespace": "4epz2a",
            "connection_id": "",
            "connection_type": "INTERNET",
            "content_handling": "",
            "credentials": "",
            "http_method": "GET",
            "id": "agi-gh4vkppgue-4epz2a-GET",
            "integration_http_method": "POST",
            "passthrough_behavior": "WHEN_NO_MATCH",
            "request_parameters": {},
            "request_templates": {},
            "resource_id": "4epz2a",
            "rest_api_id": "gh4vkppgue",
            "timeout_milliseconds": 29000,
            "tls_config": [],
            "type": "AWS_PROXY",
            "uri": "arn:aws:apigateway:us-east-1:lambda:path/2015-03-31/functions/arn:aws:lambda:us-east-1:797976479464:function:sierra-predict-handler/invocations"
          },
          "sensitive_attributes": [],
          "private": "bnVsbA==",
          "dependencies": [
            "aws_api_gateway_method.get_predict",
            "aws_api_gateway_resource.api",
            "aws_api_gateway_resource.predict",
            "aws_api_gateway_rest_api.sierra_personal",
            "aws_iam_role.lambda_role",
            "aws_lambda_function.predict_handler"
          ],
          "create_before_destroy": true
        }
      ]
    },
    {
      "mode": "managed",
      "type": "aws_api_gateway_integration",
      "name": "lambda_integration_score_range",
      "provider": "provider[\"registry.terraform.io/hashicorp/aws\"]",
      "instances": [
        {
          "schema_version": 0,
          "attributes": {
            "cache_key_parameters": [],
            "cache_namespace": "q7v66g",
            "connection_id": "",
            "connection_type": "INTERNET",
            "content_handling": "",
            "credentials": "",
            "http_method": "GET",
            "id": "agi-gh4vkppgue-q7v66g-GET",
            "integration_http_method": "POST",
            "passthrough_behavior": "WHEN_NO_MATCH",
            "request_parameters": {},
            "request_templates": {},
            "resource_id": "q7v66g",
            "rest_api_id": "gh4vkppgue",
            "timeout_milliseconds": 29000,
            "tls_config": [],
            "type": "AWS_PROXY",
            "uri": "arn:aws:apigateway:us-east-1:lambda:path/2015-03-31/functions/arn:aws:lambda:us-east-1:797976479464:function:sierra-api-handler-personal/invocations"
          },
          "sensitive_attributes": [],
          "private": "bnVsbA==",
          "dependencies": [
            "aws_api_gateway_method.get_score_range",
            "aws_api_gateway_resource.api",
            "aws_api_gateway_resource.score",
            "aws_api_gateway_resource.score_type",
            "aws_api_gateway_resource.score_value1",
            "aws_api_gateway_resource.score_value2",
            "aws_api_gateway_resource.search",
            "aws_api_gateway_rest_api.sierra_personal",
            "aws_dynamodb_table.esg_processed",
            "aws_iam_role.lambda_role",
            "aws_lambda_function.api_handler"
          ],
          "create_before_destroy": true
        }
      ]
    },
    {
      "mode": "managed",
      "type": "aws_api_gateway_integration",
      "name": "lambda_login",
      "provider": "provider[\"registry.terraform.io/hashicorp/aws\"]",
      "instances": [
        {
          "schema_version": 0,
          "attributes": {
            "cache_key_parameters": [],
            "cache_namespace": "05hne8",
            "connection_id": "",
            "connection_type": "INTERNET",
            "content_handling": "",
            "credentials": "",
            "http_method": "POST",
            "id": "agi-gh4vkppgue-05hne8-POST",
            "integration_http_method": "POST",
            "passthrough_behavior": "WHEN_NO_MATCH",
            "request_parameters": {},
            "request_templates": {},
            "resource_id": "05hne8",
            "rest_api_id": "gh4vkppgue",
            "timeout_milliseconds": 29000,
            "tls_config": [],
            "type": "AWS_PROXY",
            "uri": "arn:aws:apigateway:us-east-1:lambda:path/2015-03-31/functions/arn:aws:lambda:us-east-1:797976479464:function:sierra-auth-handler-personal/invocations"
          },
          "sensitive_attributes": [],
          "private": "bnVsbA==",
          "dependencies": [
            "aws_api_gateway_method.post_login",
            "aws_api_gateway_resource.auth",
            "aws_api_gateway_resource.login",
            "aws_api_gateway_rest_api.sierra_personal",
            "aws_iam_role.lambda_role",
            "aws_lambda_function.auth_handler"
          ],
          "create_before_destroy": true
        }
      ]
    },
    {
      "mode": "managed",
      "type": "aws_api_gateway_integration",
      "name": "lambda_register",
      "provider": "provider[\"registry.terraform.io/hashicorp/aws\"]",
      "instances": [
        {
          "schema_version": 0,
          "attributes": {
            "cache_key_parameters": [],
            "cache_namespace": "cr4pnf",
            "connection_id": "",
            "connection_type": "INTERNET",
            "content_handling": "",
            "credentials": "",
            "http_method": "POST",
            "id": "agi-gh4vkppgue-cr4pnf-POST",
            "integration_http_method": "POST",
            "passthrough_behavior": "WHEN_NO_MATCH",
            "request_parameters": {},
            "request_templates": {},
            "resource_id": "cr4pnf",
            "rest_api_id": "gh4vkppgue",
            "timeout_milliseconds": 29000,
            "tls_config": [],
            "type": "AWS_PROXY",
            "uri": "arn:aws:apigateway:us-east-1:lambda:path/2015-03-31/functions/arn:aws:lambda:us-east-1:797976479464:function:sierra-auth-handler-personal/invocations"
          },
          "sensitive_attributes": [],
          "private": "bnVsbA==",
          "dependencies": [
            "aws_api_gateway_method.post_register",
            "aws_api_gateway_resource.auth",
            "aws_api_gateway_resource.register",
            "aws_api_gateway_rest_api.sierra_personal",
            "aws_iam_role.lambda_role",
            "aws_lambda_function.auth_handler"
          ],
          "create_before_destroy": true
        }
      ]
    },
    {
      "mode": "managed",
      "type": "aws_api_gateway_integration",
      "name": "lambda_ticker",
      "provider": "provider[\"registry.terraform.io/hashicorp/aws\"]",
      "instances": [
        {
          "schema_version": 0,
          "attributes": {
            "cache_key_parameters": [],
            "cache_namespace": "q8a8aa",
            "connection_id": "",
            "connection_type": "INTERNET",
            "content_handling": "",
            "credentials": "",
            "http_method": "GET",
            "id": "agi-gh4vkppgue-q8a8aa-GET",
            "integration_http_method": "POST",
            "passthrough_behavior": "WHEN_NO_MATCH",
            "request_parameters": {},
            "request_templates": {},
            "resource_id": "q8a8aa",
            "rest_api_id": "gh4vkppgue",
            "timeout_milliseconds": 29000,
            "tls_config": [],
            "type": "AWS_PROXY",
            "uri": "arn:aws:apigateway:us-east-1:lambda:path/2015-03-31/functions/arn:aws:lambda:us-east-1:797976479464:function:sierra-api-handler-personal/invocations"
          },
          "sensitive_attributes": [],
          "private": "bnVsbA==",
          "dependencies": [
            "aws_api_gateway_method.get_ticker",
            "aws_api_gateway_resource.api",
            "aws_api_gateway_resource.esg",
            "aws_api_gateway_resource.ticker",
            "aws_api_gateway_rest_api.sierra_personal",
            "aws_dynamodb_table.esg_processed",
            "aws_iam_role.lambda_role",
            "aws_lambda_function.api_handler"
          ],
          "create_before_destroy": true
        }
      ]
    },
    {
      "mode": "managed",
      "type": "aws_api_gateway_integration",
      "name": "lambda_tickers",
      "provider": "provider[\"registry.terraform.io/hashicorp/aws\"]",
      "instances": [
        {
          "schema_version": 0,
          "attributes": {
            "cache_key_parameters": [],
            "cache_namespace": "6853t2",
            "connection_id": "",
            "connection_type": "INTERNET",
            "content_handling": "",
            "credentials": "",
            "http_method": "POST",
            "id": "agi-gh4vkppgue-6853t2-POST",
            "integration_http_method": "POST",
            "passthrough_behavior": "WHEN_NO_MATCH",
            "request_parameters": {},
            "request_templates": {},
            "resource_id": "6853t2",
            "rest_api_id": "gh4vkppgue",
            "timeout_milliseconds": 29000,
            "tls_config": [],
            "type": "AWS_PROXY",
            "uri": "arn:aws:apigateway:us-east-1:lambda:path/2015-03-31/functions/arn:aws:lambda:us-east-1:797976479464:function:sierra-auth-handler-personal/invocations"
          },
          "sensitive_attributes": [],
          "private": "bnVsbA==",
          "dependencies": [
            "aws_api_gateway_method.post_tickers",
            "aws_api_gateway_resource.auth",
            "aws_api_gateway_resource.tickers",
            "aws_api_gateway_rest_api.sierra_personal",
            "aws_iam_role.lambda_role",
            "aws_lambda_function.auth_handler"
          ],
          "create_before_destroy": true
        }
      ]
    },
    {
      "mode": "managed",
      "type": "aws_api_gateway_integration",
      "name": "options_all",
      "provider": "provider[\"registry.terraform.io/hashicorp/aws\"]",
      "instances": [
        {
          "schema_version": 0,
          "attributes": {
            "cache_key_parameters": [],
            "cache_namespace": "j5q5ah",
            "connection_id": "",
            "connection_type": "INTERNET",
            "content_handling": "",
            "credentials": "",
            "http_method": "OPTIONS",
            "id": "agi-gh4vkppgue-j5q5ah-OPTIONS",
            "integration_http_method": "",
            "passthrough_behavior": "WHEN_NO_MATCH",
            "request_parameters": {},
            "request_templates": {
              "application/json": "{\"statusCode\": 200}"
            },
            "resource_id": "j5q5ah",
            "rest_api_id": "gh4vkppgue",
            "timeout_milliseconds": 29000,
            "tls_config": [],
            "type": "MOCK",
            "uri": ""
          },
          "sensitive_attributes": [],
          "private": "bnVsbA==",
          "dependencies": [
            "aws_api_gateway_method.options_all",
            "aws_api_gateway_resource.all",
            "aws_api_gateway_resource.api",
            "aws_api_gateway_rest_api.sierra_personal"
          ],
          "create_before_destroy": true
        }
      ]
    },
    {
      "mode": "managed",
      "type": "aws_api_gateway_integration",
      "name": "options_company_name",
      "provider": "provider[\"registry.terraform.io/hashicorp/aws\"]",
      "instances": [
        {
          "schema_version": 0,
          "attributes": {
            "cache_key_parameters": [],
            "cache_namespace": "jph8fw",
            "connection_id": "",
            "connection_type": "INTERNET",
            "content_handling": "",
            "credentials": "",
            "http_method": "OPTIONS",
            "id": "agi-gh4vkppgue-jph8fw-OPTIONS",
            "integration_http_method": "",
            "passthrough_behavior": "WHEN_NO_MATCH",
            "request_parameters": {},
            "request_templates": {
              "application/json": "{\"statusCode\": 200}"
            },
            "resource_id": "jph8fw",
            "rest_api_id": "gh4vkppgue",
            "timeout_milliseconds": 29000,
            "tls_config": [],
            "type": "MOCK",
            "uri": ""
          },
          "sensitive_attributes": [],
          "private": "bnVsbA==",
          "dependencies": [
            "aws_api_gateway_method.options_company_name",
            "aws_api_gateway_resource.api",
            "aws_api_gateway_resource.company",
            "aws_api_gateway_resource.company_name",
            "aws_api_gateway_resource.search",
            "aws_api_gateway_rest_api.sierra_personal"
          ],
          "create_before_destroy": true
        }
      ]
    },
    {
      "mode": "managed",
      "type": "aws_api_gateway_integration",
      "name": "options_level_rating",
      "provider": "provider[\"registry.terraform.io/hashicorp/aws\"]",
      "instances": [
        {
          "schema_version": 0,
          "attributes": {
            "cache_key_parameters": [],
            "cache_namespace": "2yaf0c",
            "connection_id": "",
            "connection_type": "INTERNET",
            "content_handling": "",
            "credentials": "",
            "http_method": "OPTIONS",
            "id": "agi-gh4vkppgue-2yaf0c-OPTIONS",
            "integration_http_method": "",
            "passthrough_behavior": "WHEN_NO_MATCH",
            "request_parameters": {},
            "request_templates": {
              "application/json": "{\"statusCode\": 200}"
            },
            "resource_id": "2yaf0c",
            "rest_api_id": "gh4vkppgue",
            "timeout_milliseconds": 29000,
            "tls_config": [],
            "type": "MOCK",
            "uri": ""
          },
          "sensitive_attributes": [],
          "private": "bnVsbA==",
          "dependencies": [
            "aws_api_gateway_method.options_level_rating",
            "aws_api_gateway_resource.api",
            "aws_api_gateway_resource.level",
            "aws_api_gateway_resource.rating",
            "aws_api_gateway_resource.search",
            "aws_api_gateway_resource.total_level",
            "aws_api_gateway_rest_api.sierra_personal"
          ],
          "create_before_destroy": true
        }
      ]
    },
    {
      "mode": "managed",
      "type": "aws_api_gateway_integration",
      "name": "options_login",
      "provider": "provider[\"registry.terraform.io/hashicorp/aws\"]",
      "instances": [
        {
          "schema_version": 0,
          "attributes": {
            "cache_key_parameters": [],
            "cache_namespace": "05hne8",
            "connection_id": "",
            "connection_type": "INTERNET",
            "content_handling": "",
            "credentials": "",
            "http_method": "OPTIONS",
            "id": "agi-gh4vkppgue-05hne8-OPTIONS",
            "integration_http_method": "",
            "passthrough_behavior": "WHEN_NO_MATCH",
            "request_parameters": {},
            "request_templates": {
              "application/json": "{\"statusCode\": 200}"
            },
            "resource_id": "05hne8",
            "rest_api_id": "gh4vkppgue",
            "timeout_milliseconds": 29000,
            "tls_config": [],
            "type": "MOCK",
            "uri": ""
          },
          "sensitive_attributes": [],
          "private": "bnVsbA==",
          "dependencies": [
            "aws_api_gateway_method.options_login",
            "aws_api_gateway_resource.auth",
            "aws_api_gateway_resource.login",
            "aws_api_gateway_rest_api.sierra_personal"
          ],
          "create_before_destroy": true
        }
      ]
    },
    {
      "mode": "managed",
      "type": "aws_api_gateway_integration",
      "name": "options_register",
      "provider": "provider[\"registry.terraform.io/hashicorp/aws\"]",
      "instances": [
        {
          "schema_version": 0,
          "attributes": {
            "cache_key_parameters": [],
            "cache_namespace": "cr4pnf",
            "connection_id": "",
            "connection_type": "INTERNET",
            "content_handling": "",
            "credentials": "",
            "http_method": "OPTIONS",
            "id": "agi-gh4vkppgue-cr4pnf-OPTIONS",
            "integration_http_method": "",
            "passthrough_behavior": "WHEN_NO_MATCH",
            "request_parameters": {},
            "request_templates": {
              "application/json": "{\"statusCode\": 200}"
            },
            "resource_id": "cr4pnf",
            "rest_api_id": "gh4vkppgue",
            "timeout_milliseconds": 29000,
            "tls_config": [],
            "type": "MOCK",
            "uri": ""
          },
          "sensitive_attributes": [],
          "private": "bnVsbA==",
          "dependencies": [
            "aws_api_gateway_method.options_register",
            "aws_api_gateway_resource.auth",
            "aws_api_gateway_resource.register",
            "aws_api_gateway_rest_api.sierra_personal"
          ],
          "create_before_destroy": true
        }
      ]
    },
    {
      "mode": "managed",
      "type": "aws_api_gateway_integration",
      "name": "options_score_range",
      "provider": "provider[\"registry.terraform.io/hashicorp/aws\"]",
      "instances": [
        {
          "schema_version": 0,
          "attributes": {
            "cache_key_parameters": [],
            "cache_namespace": "q7v66g",
            "connection_id": "",
            "connection_type": "INTERNET",
            "content_handling": "",
            "credentials": "",
            "http_method": "OPTIONS",
            "id": "agi-gh4vkppgue-q7v66g-OPTIONS",
            "integration_http_method": "",
            "passthrough_behavior": "WHEN_NO_MATCH",
            "request_parameters": {},
            "request_templates": {
              "application/json": "{\"statusCode\": 200}"
            },
            "resource_id": "q7v66g",
            "rest_api_id": "gh4vkppgue",
            "timeout_milliseconds": 29000,
            "tls_config": [],
            "type": "MOCK",
            "uri": ""
          },
          "sensitive_attributes": [],
          "private": "bnVsbA==",
          "dependencies": [
            "aws_api_gateway_method.options_score_range",
            "aws_api_gateway_resource.api",
            "aws_api_gateway_resource.score",
            "aws_api_gateway_resource.score_type",
            "aws_api_gateway_resource.score_value1",
            "aws_api_gateway_resource.score_value2",
            "aws_api_gateway_resource.search",
            "aws_api_gateway_rest_api.sierra_personal"
          ],
          "create_before_destroy": true
        }
      ]
    },
    {
      "mode": "managed",
      "type": "aws_api_gateway_integration",
      "name": "options_ticker",
      "provider": "provider[\"registry.terraform.io/hashicorp/aws\"]",
      "instances": [
        {
          "schema_version": 0,
          "attributes": {
            "cache_key_parameters": [],
            "cache_namespace": "q8a8aa",
            "connection_id": "",
            "connection_type": "INTERNET",
            "content_handling": "",
            "credentials": "",
            "http_method": "OPTIONS",
            "id": "agi-gh4vkppgue-q8a8aa-OPTIONS",
            "integration_http_method": "",
            "passthrough_behavior": "WHEN_NO_MATCH",
            "request_parameters": {},
            "request_templates": {
              "application/json": "{\"statusCode\": 200}"
            },
            "resource_id": "q8a8aa",
            "rest_api_id": "gh4vkppgue",
            "timeout_milliseconds": 29000,
            "tls_config": [],
            "type": "MOCK",
            "uri": ""
          },
          "sensitive_attributes": [],
          "private": "bnVsbA==",
          "dependencies": [
            "aws_api_gateway_method.options_ticker",
            "aws_api_gateway_resource.api",
            "aws_api_gateway_resource.esg",
            "aws_api_gateway_resource.ticker",
            "aws_api_gateway_rest_api.sierra_personal"
          ],
          "create_before_destroy": true
        }
      ]
    },
    {
      "mode": "managed",
      "type": "aws_api_gateway_integration",
      "name": "options_tickers",
      "provider": "provider[\"registry.terraform.io/hashicorp/aws\"]",
      "instances": [
        {
          "schema_version": 0,
          "attributes": {
            "cache_key_parameters": [],
            "cache_namespace": "6853t2",
            "connection_id": "",
            "connection_type": "INTERNET",
            "content_handling": "",
            "credentials": "",
            "http_method": "OPTIONS",
            "id": "agi-gh4vkppgue-6853t2-OPTIONS",
            "integration_http_method": "",
            "passthrough_behavior": "WHEN_NO_MATCH",
            "request_parameters": {},
            "request_templates": {
              "application/json": "{\"statusCode\": 200}"
            },
            "resource_id": "6853t2",
            "rest_api_id": "gh4vkppgue",
            "timeout_milliseconds": 29000,
            "tls_config": [],
            "type": "MOCK",
            "uri": ""
          },
          "sensitive_attributes": [],
          "private": "bnVsbA==",
          "dependencies": [
            "aws_api_gateway_method.options_tickers",
            "aws_api_gateway_resource.auth",
            "aws_api_gateway_resource.tickers",
            "aws_api_gateway_rest_api.sierra_personal"
          ],
          "create_before_destroy": true
        }
      ]
    },
    {
      "mode": "managed",
      "type": "aws_api_gateway_integration_response",
      "name": "options_all",
      "provider": "provider[\"registry.terraform.io/hashicorp/aws\"]",
      "instances": [
        {
          "schema_version": 0,
          "attributes": {
            "content_handling": "",
            "http_method": "OPTIONS",
            "id": "agir-gh4vkppgue-j5q5ah-OPTIONS-200",
            "resource_id": "j5q5ah",
            "response_parameters": {
              "method.response.header.Access-Control-Allow-Headers": "'Content-Type,X-Amz-Date,Authorization,X-Api-Key,X-Amz-Security-Token'",
              "method.response.header.Access-Control-Allow-Methods": "'GET,OPTIONS'",
              "method.response.header.Access-Control-Allow-Origin": "'*'"
            },
            "response_templates": {},
            "rest_api_id": "gh4vkppgue",
            "selection_pattern": "",
            "status_code": "200"
          },
          "sensitive_attributes": [],
          "private": "bnVsbA==",
          "dependencies": [
            "aws_api_gateway_method.options_all",
            "aws_api_gateway_method_response.options_200_all",
            "aws_api_gateway_resource.all",
            "aws_api_gateway_resource.api",
            "aws_api_gateway_rest_api.sierra_personal"
          ]
        }
      ]
    },
    {
      "mode": "managed",
      "type": "aws_api_gateway_integration_response",
      "name": "options_company_name",
      "provider": "provider[\"registry.terraform.io/hashicorp/aws\"]",
      "instances": [
        {
          "schema_version": 0,
          "attributes": {
            "content_handling": "",
            "http_method": "OPTIONS",
            "id": "agir-gh4vkppgue-jph8fw-OPTIONS-200",
            "resource_id": "jph8fw",
            "response_parameters": {
              "method.response.header.Access-Control-Allow-Headers": "'Content-Type,X-Amz-Date,Authorization,X-Api-Key,X-Amz-Security-Token'",
              "method.response.header.Access-Control-Allow-Methods": "'GET,OPTIONS'",
              "method.response.header.Access-Control-Allow-Origin": "'*'"
            },
            "response_templates": {},
            "rest_api_id": "gh4vkppgue",
            "selection_pattern": "",
            "status_code": "200"
          },
          "sensitive_attributes": [],
          "private": "bnVsbA==",
          "dependencies": [
            "aws_api_gateway_method.options_company_name",
            "aws_api_gateway_method_response.options_200_company_name",
            "aws_api_gateway_resource.api",
            "aws_api_gateway_resource.company",
            "aws_api_gateway_resource.company_name",
            "aws_api_gateway_resource.search",
            "aws_api_gateway_rest_api.sierra_personal"
          ]
        }
      ]
    },
    {
      "mode": "managed",
      "type": "aws_api_gateway_integration_response",
      "name": "options_level_rating",
      "provider": "provider[\"registry.terraform.io/hashicorp/aws\"]",
      "instances": [
        {
          "schema_version": 0,
          "attributes": {
            "content_handling": "",
            "http_method": "OPTIONS",
            "id": "agir-gh4vkppgue-2yaf0c-OPTIONS-200",
            "resource_id": "2yaf0c",
            "response_parameters": {
              "method.response.header.Access-Control-Allow-Headers": "'Content-Type,X-Amz-Date,Authorization,X-Api-Key,X-Amz-Security-Token'",
              "method.response.header.Access-Control-Allow-Methods": "'GET,OPTIONS'",
              "method.response.header.Access-Control-Allow-Origin": "'*'"
            },
            "response_templates": {},
            "rest_api_id": "gh4vkppgue",
            "selection_pattern": "",
            "status_code": "200"
          },
          "sensitive_attributes": [],
          "private": "bnVsbA==",
          "dependencies": [
            "aws_api_gateway_method.options_level_rating",
            "aws_api_gateway_method_response.options_200_level_rating",
            "aws_api_gateway_resource.api",
            "aws_api_gateway_resource.level",
            "aws_api_gateway_resource.rating",
            "aws_api_gateway_resource.search",
            "aws_api_gateway_resource.total_level",
            "aws_api_gateway_rest_api.sierra_personal"
          ]
        }
      ]
    },
    {
      "mode": "managed",
      "type": "aws_api_gateway_integration_response",
      "name": "options_login",
      "provider": "provider[\"registry.terraform.io/hashicorp/aws\"]",
      "instances": [
        {
          "schema_version": 0,
          "attributes": {
            "content_handling": "",
            "http_method": "OPTIONS",
            "id": "agir-gh4vkppgue-05hne8-OPTIONS-200",
            "resource_id": "05hne8",
            "response_parameters": {
              "method.response.header.Access-Control-Allow-Headers": "'Content-Type,X-Amz-Date,Authorization,X-Api-Key,X-Amz-Security-Token'",
              "method.response.header.Access-Control-Allow-Methods": "'POST,OPTIONS'",
              "method.response.header.Access-Control-Allow-Origin": "'*'"
            },
            "response_templates": {},
            "rest_api_id": "gh4vkppgue",
            "selection_pattern": "",
            "status_code": "200"
          },
          "sensitive_attributes": [],
          "private": "bnVsbA==",
          "dependencies": [
            "aws_api_gateway_method.options_login",
            "aws_api_gateway_method_response.options_200_login",
            "aws_api_gateway_resource.auth",
            "aws_api_gateway_resource.login",
            "aws_api_gateway_rest_api.sierra_personal"
          ]
        }
      ]
    },
    {
      "mode": "managed",
      "type": "aws_api_gateway_integration_response",
      "name": "options_register",
      "provider": "provider[\"registry.terraform.io/hashicorp/aws\"]",
      "instances": [
        {
          "schema_version": 0,
          "attributes": {
            "content_handling": "",
            "http_method": "OPTIONS",
            "id": "agir-gh4vkppgue-cr4pnf-OPTIONS-200",
            "resource_id": "cr4pnf",
            "response_parameters": {
              "method.response.header.Access-Control-Allow-Headers": "'Content-Type,X-Amz-Date,Authorization,X-Api-Key,X-Amz-Security-Token'",
              "method.response.header.Access-Control-Allow-Methods": "'POST,OPTIONS'",
              "method.response.header.Access-Control-Allow-Origin": "'*'"
            },
            "response_templates": {},
            "rest_api_id": "gh4vkppgue",
            "selection_pattern": "",
            "status_code": "200"
          },
          "sensitive_attributes": [],
          "private": "bnVsbA==",
          "dependencies": [
            "aws_api_gateway_method.options_register",
            "aws_api_gateway_method_response.options_200_register",
            "aws_api_gateway_resource.auth",
            "aws_api_gateway_resource.register",
            "aws_api_gateway_rest_api.sierra_personal"
          ]
        }
      ]
    },
    {
      "mode": "managed",
      "type": "aws_api_gateway_integration_response",
      "name": "options_score_range",
      "provider": "provider[\"registry.terraform.io/hashicorp/aws\"]",
      "instances": [
        {
          "schema_version": 0,
          "attributes": {
            "content_handling": "",
            "http_method": "OPTIONS",
            "id": "agir-gh4vkppgue-q7v66g-OPTIONS-200",
            "resource_id": "q7v66g",
            "response_parameters": {
              "method.response.header.Access-Control-Allow-Headers": "'Content-Type,X-Amz-Date,Authorization,X-Api-Key,X-Amz-Security-Token'",
              "method.response.header.Access-Control-Allow-Methods": "'GET,OPTIONS'",
              "method.response.header.Access-Control-Allow-Origin": "'*'"
            },
            "response_templates": {},
            "rest_api_id": "gh4vkppgue",
            "selection_pattern": "",
            "status_code": "200"
          },
          "sensitive_attributes": [],
          "private": "bnVsbA==",
          "dependencies": [
            "aws_api_gateway_method.options_score_range",
            "aws_api_gateway_method_response.options_200_score_range",
            "aws_api_gateway_resource.api",
            "aws_api_gateway_resource.score",
            "aws_api_gateway_resource.score_type",
            "aws_api_gateway_resource.score_value1",
            "aws_api_gateway_resource.score_value2",
            "aws_api_gateway_resource.search",
            "aws_api_gateway_rest_api.sierra_personal"
          ]
        }
      ]
    },
    {
      "mode": "managed",
      "type": "aws_api_gateway_integration_response",
      "name": "options_ticker",
      "provider": "provider[\"registry.terraform.io/hashicorp/aws\"]",
      "instances": [
        {
          "schema_version": 0,
          "attributes": {
            "content_handling": "",
            "http_method": "OPTIONS",
            "id": "agir-gh4vkppgue-q8a8aa-OPTIONS-200",
            "resource_id": "q8a8aa",
            "response_parameters": {
              "method.response.header.Access-Control-Allow-Headers": "'Content-Type,X-Amz-Date,Authorization,X-Api-Key,X-Amz-Security-Token'",
              "method.response.header.Access-Control-Allow-Methods": "'GET,OPTIONS'",
              "method.response.header.Access-Control-Allow-Origin": "'*'"
            },
            "response_templates": {},
            "rest_api_id": "gh4vkppgue",
            "selection_pattern": "",
            "status_code": "200"
          },
          "sensitive_attributes": [],
          "private": "bnVsbA==",
          "dependencies": [
            "aws_api_gateway_method.options_ticker",
            "aws_api_gateway_method_response.options_200_ticker",
            "aws_api_gateway_resource.api",
            "aws_api_gateway_resource.esg",
            "aws_api_gateway_resource.ticker",
            "aws_api_gateway_rest_api.sierra_personal"
          ]
        }
      ]
    },
    {
      "mode": "managed",
      "type": "aws_api_gateway_integration_response",
      "name": "options_tickers",
      "provider": "provider[\"registry.terraform.io/hashicorp/aws\"]",
      "instances": [
        {
          "schema_version": 0,
          "attributes": {
            "content_handling": "",
            "http_method": "OPTIONS",
            "id": "agir-gh4vkppgue-6853t2-OPTIONS-200",
            "resource_id": "6853t2",
            "response_parameters": {
              "method.response.header.Access-Control-Allow-Headers": "'Content-Type,X-Amz-Date,Authorization,X-Api-Key,X-Amz-Security-Token'",
              "method.response.header.Access-Control-Allow-Methods": "'GET,POST,OPTIONS'",
              "method.response.header.Access-Control-Allow-Origin": "'*'"
            },
            "response_templates": {},
            "rest_api_id": "gh4vkppgue",
            "selection_pattern": "",
            "status_code": "200"
          },
          "sensitive_attributes": [],
          "private": "bnVsbA==",
          "dependencies": [
            "aws_api_gateway_method.options_tickers",
            "aws_api_gateway_method_response.options_200_tickers",
            "aws_api_gateway_resource.auth",
            "aws_api_gateway_resource.tickers",
            "aws_api_gateway_rest_api.sierra_personal"
          ]
        }
      ]
    },
    {
      "mode": "managed",
      "type": "aws_api_gateway_method",
      "name": "get_all",
      "provider": "provider[\"registry.terraform.io/hashicorp/aws\"]",
      "instances": [
        {
          "schema_version": 0,
          "attributes": {
            "api_key_required": false,
            "authorization": "NONE",
            "authorization_scopes": [],
            "authorizer_id": "",
            "http_method": "GET",
            "id": "agm-gh4vkppgue-j5q5ah-GET",
            "operation_name": "",
            "request_models": {},
            "request_parameters": {},
            "request_validator_id": "",
            "resource_id": "j5q5ah",
            "rest_api_id": "gh4vkppgue"
          },
          "sensitive_attributes": [],
          "private": "bnVsbA==",
          "dependencies": [
            "aws_api_gateway_resource.all",
            "aws_api_gateway_resource.api",
            "aws_api_gateway_rest_api.sierra_personal"
          ],
          "create_before_destroy": true
        }
      ]
    },
    {
      "mode": "managed",
      "type": "aws_api_gateway_method",
      "name": "get_company_name",
      "provider": "provider[\"registry.terraform.io/hashicorp/aws\"]",
      "instances": [
        {
          "schema_version": 0,
          "attributes": {
            "api_key_required": false,
            "authorization": "NONE",
            "authorization_scopes": [],
            "authorizer_id": "",
            "http_method": "GET",
            "id": "agm-gh4vkppgue-jph8fw-GET",
            "operation_name": "",
            "request_models": {},
            "request_parameters": {},
            "request_validator_id": "",
            "resource_id": "jph8fw",
            "rest_api_id": "gh4vkppgue"
          },
          "sensitive_attributes": [],
          "private": "bnVsbA==",
          "dependencies": [
            "aws_api_gateway_resource.api",
            "aws_api_gateway_resource.company",
            "aws_api_gateway_resource.company_name",
            "aws_api_gateway_resource.search",
            "aws_api_gateway_rest_api.sierra_personal"
          ],
          "create_before_destroy": true
        }
      ]
    },
    {
      "mode": "managed",
      "type": "aws_api_gateway_method",
      "name": "get_greater_score",
      "provider": "provider[\"registry.terraform.io/hashicorp/aws\"]",
      "instances": [
        {
          "schema_version": 0,
          "attributes": {
            "api_key_required": false,
            "authorization": "NONE",
            "authorization_scopes": [],
            "authorizer_id": "",
            "http_method": "GET",
            "id": "agm-gh4vkppgue-3glout-GET",
            "operation_name": "",
            "request_models": {},
            "request_parameters": {},
            "request_validator_id": "",
            "resource_id": "3glout",
            "rest_api_id": "gh4vkppgue"
          },
          "sensitive_attributes": [],
          "private": "bnVsbA==",
          "dependencies": [
            "aws_api_gateway_resource.api",
            "aws_api_gateway_resource.greater",
            "aws_api_gateway_resource.greater_score_type",
            "aws_api_gateway_resource.greater_score_value",
            "aws_api_gateway_resource.score",
            "aws_api_gateway_resource.search",
            "aws_api_gateway_rest_api.sierra_personal"
          ],
          "create_before_destroy": true
        }
      ]
    },
    {
      "mode": "managed",
      "type": "aws_api_gateway_method",
      "name": "get_health",
      "provider": "provider[\"registry.terraform.io/hashicorp/aws\"]",
      "instances": [
        {
          "schema_version": 0,
          "attributes": {
            "api_key_required": false,
            "authorization": "NONE",
            "authorization_scopes": [],
            "authorizer_id": "",
            "http_method": "GET",
            "id": "agm-gh4vkppgue-3c1079-GET",
            "operation_name": "",
            "request_models": {},
            "request_parameters": {},
            "request_validator_id": "",
            "resource_id": "3c1079",
            "rest_api_id": "gh4vkppgue"
          },
          "sensitive_attributes": [],
          "private": "bnVsbA==",
          "dependencies": [
            "aws_api_gateway_resource.auth",
            "aws_api_gateway_resource.health",
            "aws_api_gateway_rest_api.sierra_personal"
          ],
          "create_before_destroy": true
        }
      ]
    },
    {
      "mode": "managed",
      "type": "aws_api_gateway_method",
      "name": "get_init",
      "provider": "provider[\"registry.terraform.io/hashicorp/aws\"]",
      "instances": [
        {
          "schema_version": 0,
          "attributes": {
            "api_key_required": false,
            "authorization": "NONE",
            "authorization_scopes": [],
            "authorizer_id": "",
            "http_method": "GET",
            "id": "agm-gh4vkppgue-w12wk4-GET",
            "operation_name": "",
            "request_models": {},
            "request_parameters": {},
            "request_validator_id": "",
            "resource_id": "w12wk4",
            "rest_api_id": "gh4vkppgue"
          },
          "sensitive_attributes": [],
          "private": "bnVsbA==",
          "dependencies": [
            "aws_api_gateway_resource.auth",
            "aws_api_gateway_resource.init",
            "aws_api_gateway_rest_api.sierra_personal"
          ],
          "create_before_destroy": true
        }
      ]
    },
    {
      "mode": "managed",
      "type": "aws_api_gateway_method",
      "name": "get_lesser_score",
      "provider": "provider[\"registry.terraform.io/hashicorp/aws\"]",
      "instances": [
        {
          "schema_version": 0,
          "attributes": {
            "api_key_required": false,
            "authorization": "NONE",
            "authorization_scopes": [],
            "authorizer_id": "",
            "http_method": "GET",
            "id": "agm-gh4vkppgue-n8ezd9-GET",
            "operation_name": "",
            "request_models": {},
            "request_parameters": {},
            "request_validator_id": "",
            "resource_id": "n8ezd9",
            "rest_api_id": "gh4vkppgue"
          },
          "sensitive_attributes": [],
          "private": "bnVsbA==",
          "dependencies": [
            "aws_api_gateway_resource.api",
            "aws_api_gateway_resource.lesser",
            "aws_api_gateway_resource.lesser_score_type",
            "aws_api_gateway_resource.lesser_score_value",
            "aws_api_gateway_resource.score",
            "aws_api_gateway_resource.search",
            "aws_api_gateway_rest_api.sierra_personal"
          ],
          "create_before_destroy": true
        }
      ]
    },
    {
      "mode": "managed",
      "type": "aws_api_gateway_method",
      "name": "get_level_rating",
      "provider": "provider[\"registry.terraform.io/hashicorp/aws\"]",
      "instances": [
        {
          "schema_version": 0,
          "attributes": {
            "api_key_required": false,
            "authorization": "NONE",
            "authorization_scopes": [],
            "authorizer_id": "",
            "http_method": "GET",
            "id": "agm-gh4vkppgue-2yaf0c-GET",
            "operation_name": "",
            "request_models": {},
            "request_parameters": {},
            "request_validator_id": "",
            "resource_id": "2yaf0c",
            "rest_api_id": "gh4vkppgue"
          },
          "sensitive_attributes": [],
          "private": "bnVsbA==",
          "dependencies": [
            "aws_api_gateway_resource.api",
            "aws_api_gateway_resource.level",
            "aws_api_gateway_resource.rating",
            "aws_api_gateway_resource.search",
            "aws_api_gateway_resource.total_level",
            "aws_api_gateway_rest_api.sierra_personal"
          ],
          "create_before_destroy": true
        }
      ]
    },
    {
      "mode": "managed",
      "type": "aws_api_gateway_method",
      "name": "get_predict",
      "provider": "provider[\"registry.terraform.io/hashicorp/aws\"]",
      "instances": [
        {
          "schema_version": 0,
          "attributes": {
            "api_key_required": false,
            "authorization": "NONE",
            "authorization_scopes": [],
            "authorizer_id": "",
            "http_method": "GET",
            "id": "agm-gh4vkppgue-4epz2a-GET",
            "operation_name": "",
            "request_models": {},
            "request_parameters": {},
            "request_validator_id": "",
            "resource_id": "4epz2a",
            "rest_api_id": "gh4vkppgue"
          },
          "sensitive_attributes": [],
          "private": "bnVsbA==",
          "dependencies": [
            "aws_api_gateway_resource.api",
            "aws_api_gateway_resource.predict",
            "aws_api_gateway_rest_api.sierra_personal"
          ],
          "create_before_destroy": true
        }
      ]
    },
    {
      "mode": "managed",
      "type": "aws_api_gateway_method",
      "name": "get_score_range",
      "provider": "provider[\"registry.terraform.io/hashicorp/aws\"]",
      "instances": [
        {
          "schema_version": 0,
          "attributes": {
            "api_key_required": false,
            "authorization": "NONE",
            "authorization_scopes": [],
            "authorizer_id": "",
            "http_method": "GET",
            "id": "agm-gh4vkppgue-q7v66g-GET",
            "operation_name": "",
            "request_models": {},
            "request_parameters": {},
            "request_validator_id": "",
            "resource_id": "q7v66g",
            "rest_api_id": "gh4vkppgue"
          },
          "sensitive_attributes": [],
          "private": "bnVsbA==",
          "dependencies": [
            "aws_api_gateway_resource.api",
            "aws_api_gateway_resource.score",
            "aws_api_gateway_resource.score_type",
            "aws_api_gateway_resource.score_value1",
            "aws_api_gateway_resource.score_value2",
            "aws_api_gateway_resource.search",
            "aws_api_gateway_rest_api.sierra_personal"
          ],
          "create_before_destroy": true
        }
      ]
    },
    {
      "mode": "managed",
      "type": "aws_api_gateway_method",
      "name": "get_ticker",
      "provider": "provider[\"registry.terraform.io/hashicorp/aws\"]",
      "instances": [
        {
          "schema_version": 0,
          "attributes": {
            "api_key_required": false,
            "authorization": "NONE",
            "authorization_scopes": [],
            "authorizer_id": "",
            "http_method": "GET",
            "id": "agm-gh4vkppgue-q8a8aa-GET",
            "operation_name": "",
            "request_models": {},
            "request_parameters": {},
            "request_validator_id": "",
            "resource_id": "q8a8aa",
            "rest_api_id": "gh4vkppgue"
          },
          "sensitive_attributes": [],
          "private": "bnVsbA==",
          "dependencies": [
            "aws_api_gateway_resource.api",
            "aws_api_gateway_resource.esg",
            "aws_api_gateway_resource.ticker",
            "aws_api_gateway_rest_api.sierra_personal"
          ],
          "create_before_destroy": true
        }
      ]
    },
    {
      "mode": "managed",
      "type": "aws_api_gateway_method",
      "name": "get_tickers",
      "provider": "provider[\"registry.terraform.io/hashicorp/aws\"]",
      "instances": [
        {
          "schema_version": 0,
          "attributes": {
            "api_key_required": false,
            "authorization": "NONE",
            "authorization_scopes": null,
            "authorizer_id": null,
            "http_method": "GET",
            "id": "agm-gh4vkppgue-6853t2-GET",
            "operation_name": null,
            "request_models": null,
            "request_parameters": null,
            "request_validator_id": null,
            "resource_id": "6853t2",
            "rest_api_id": "gh4vkppgue"
          },
          "sensitive_attributes": [],
          "private": "bnVsbA==",
          "dependencies": [
            "aws_api_gateway_resource.auth",
            "aws_api_gateway_resource.tickers",
            "aws_api_gateway_rest_api.sierra_personal"
          ]
        }
      ]
    },
    {
      "mode": "managed",
      "type": "aws_api_gateway_method",
      "name": "options_all",
      "provider": "provider[\"registry.terraform.io/hashicorp/aws\"]",
      "instances": [
        {
          "schema_version": 0,
          "attributes": {
            "api_key_required": false,
            "authorization": "NONE",
            "authorization_scopes": [],
            "authorizer_id": "",
            "http_method": "OPTIONS",
            "id": "agm-gh4vkppgue-j5q5ah-OPTIONS",
            "operation_name": "",
            "request_models": {},
            "request_parameters": {},
            "request_validator_id": "",
            "resource_id": "j5q5ah",
            "rest_api_id": "gh4vkppgue"
          },
          "sensitive_attributes": [],
          "private": "bnVsbA==",
          "dependencies": [
            "aws_api_gateway_resource.all",
            "aws_api_gateway_resource.api",
            "aws_api_gateway_rest_api.sierra_personal"
          ],
          "create_before_destroy": true
        }
      ]
    },
    {
      "mode": "managed",
      "type": "aws_api_gateway_method",
      "name": "options_company_name",
      "provider": "provider[\"registry.terraform.io/hashicorp/aws\"]",
      "instances": [
        {
          "schema_version": 0,
          "attributes": {
            "api_key_required": false,
            "authorization": "NONE",
            "authorization_scopes": [],
            "authorizer_id": "",
            "http_method": "OPTIONS",
            "id": "agm-gh4vkppgue-jph8fw-OPTIONS",
            "operation_name": "",
            "request_models": {},
            "request_parameters": {},
            "request_validator_id": "",
            "resource_id": "jph8fw",
            "rest_api_id": "gh4vkppgue"
          },
          "sensitive_attributes": [],
          "private": "bnVsbA==",
          "dependencies": [
            "aws_api_gateway_resource.api",
            "aws_api_gateway_resource.company",
            "aws_api_gateway_resource.company_name",
            "aws_api_gateway_resource.search",
            "aws_api_gateway_rest_api.sierra_personal"
          ],
          "create_before_destroy": true
        }
      ]
    },
    {
      "mode": "managed",
      "type": "aws_api_gateway_method",
      "name": "options_level_rating",
      "provider": "provider[\"registry.terraform.io/hashicorp/aws\"]",
      "instances": [
        {
          "schema_version": 0,
          "attributes": {
            "api_key_required": false,
            "authorization": "NONE",
            "authorization_scopes": [],
            "authorizer_id": "",
            "http_method": "OPTIONS",
            "id": "agm-gh4vkppgue-2yaf0c-OPTIONS",
            "operation_name": "",
            "request_models": {},
            "request_parameters": {},
            "request_validator_id": "",
            "resource_id": "2yaf0c",
            "rest_api_id": "gh4vkppgue"
          },
          "sensitive_attributes": [],
          "private": "bnVsbA==",
          "dependencies": [
            "aws_api_gateway_resource.api",
            "aws_api_gateway_resource.level",
            "aws_api_gateway_resource.rating",
            "aws_api_gateway_resource.search",
            "aws_api_gateway_resource.total_level",
            "aws_api_gateway_rest_api.sierra_personal"
          ],
          "create_before_destroy": true
        }
      ]
    },
    {
      "mode": "managed",
      "type": "aws_api_gateway_method",
      "name": "options_login",
      "provider": "provider[\"registry.terraform.io/hashicorp/aws\"]",
      "instances": [
        {
          "schema_version": 0,
          "attributes": {
            "api_key_required": false,
            "authorization": "NONE",
            "authorization_scopes": [],
            "authorizer_id": "",
            "http_method": "OPTIONS",
            "id": "agm-gh4vkppgue-05hne8-OPTIONS",
            "operation_name": "",
            "request_models": {},
            "request_parameters": {},
            "request_validator_id": "",
            "resource_id": "05hne8",
            "rest_api_id": "gh4vkppgue"
          },
          "sensitive_attributes": [],
          "private": "bnVsbA==",
          "dependencies": [
            "aws_api_gateway_resource.auth",
            "aws_api_gateway_resource.login",
            "aws_api_gateway_rest_api.sierra_personal"
          ],
          "create_before_destroy": true
        }
      ]
    },
    {
      "mode": "managed",
      "type": "aws_api_gateway_method",
      "name": "options_register",
      "provider": "provider[\"registry.terraform.io/hashicorp/aws\"]",
      "instances": [
        {
          "schema_version": 0,
          "attributes": {
            "api_key_required": false,
            "authorization": "NONE",
            "authorization_scopes": [],
            "authorizer_id": "",
            "http_method": "OPTIONS",
            "id": "agm-gh4vkppgue-cr4pnf-OPTIONS",
            "operation_name": "",
            "request_models": {},
            "request_parameters": {},
            "request_validator_id": "",
            "resource_id": "cr4pnf",
            "rest_api_id": "gh4vkppgue"
          },
          "sensitive_attributes": [],
          "private": "bnVsbA==",
          "dependencies": [
            "aws_api_gateway_resource.auth",
            "aws_api_gateway_resource.register",
            "aws_api_gateway_rest_api.sierra_personal"
          ],
          "create_before_destroy": true
        }
      ]
    },
    {
      "mode": "managed",
      "type": "aws_api_gateway_method",
      "name": "options_score_range",
      "provider": "provider[\"registry.terraform.io/hashicorp/aws\"]",
      "instances": [
        {
          "schema_version": 0,
          "attributes": {
            "api_key_required": false,
            "authorization": "NONE",
            "authorization_scopes": [],
            "authorizer_id": "",
            "http_method": "OPTIONS",
            "id": "agm-gh4vkppgue-q7v66g-OPTIONS",
            "operation_name": "",
            "request_models": {},
            "request_parameters": {},
            "request_validator_id": "",
            "resource_id": "q7v66g",
            "rest_api_id": "gh4vkppgue"
          },
          "sensitive_attributes": [],
          "private": "bnVsbA==",
          "dependencies": [
            "aws_api_gateway_resource.api",
            "aws_api_gateway_resource.score",
            "aws_api_gateway_resource.score_type",
            "aws_api_gateway_resource.score_value1",
            "aws_api_gateway_resource.score_value2",
            "aws_api_gateway_resource.search",
            "aws_api_gateway_rest_api.sierra_personal"
          ],
          "create_before_destroy": true
        }
      ]
    },
    {
      "mode": "managed",
      "type": "aws_api_gateway_method",
      "name": "options_ticker",
      "provider": "provider[\"registry.terraform.io/hashicorp/aws\"]",
      "instances": [
        {
          "schema_version": 0,
          "attributes": {
            "api_key_required": false,
            "authorization": "NONE",
            "authorization_scopes": [],
            "authorizer_id": "",
            "http_method": "OPTIONS",
            "id": "agm-gh4vkppgue-q8a8aa-OPTIONS",
            "operation_name": "",
            "request_models": {},
            "request_parameters": {},
            "request_validator_id": "",
            "resource_id": "q8a8aa",
            "rest_api_id": "gh4vkppgue"
          },
          "sensitive_attributes": [],
          "private": "bnVsbA==",
          "dependencies": [
            "aws_api_gateway_resource.api",
            "aws_api_gateway_resource.esg",
            "aws_api_gateway_resource.ticker",
            "aws_api_gateway_rest_api.sierra_personal"
          ],
          "create_before_destroy": true
        }
      ]
    },
    {
      "mode": "managed",
      "type": "aws_api_gateway_method",
      "name": "options_tickers",
      "provider": "provider[\"registry.terraform.io/hashicorp/aws\"]",
      "instances": [
        {
          "schema_version": 0,
          "attributes": {
            "api_key_required": false,
            "authorization": "NONE",
            "authorization_scopes": [],
            "authorizer_id": "",
            "http_method": "OPTIONS",
            "id": "agm-gh4vkppgue-6853t2-OPTIONS",
            "operation_name": "",
            "request_models": {},
            "request_parameters": {},
            "request_validator_id": "",
            "resource_id": "6853t2",
            "rest_api_id": "gh4vkppgue"
          },
          "sensitive_attributes": [],
          "private": "bnVsbA==",
          "dependencies": [
            "aws_api_gateway_resource.auth",
            "aws_api_gateway_resource.tickers",
            "aws_api_gateway_rest_api.sierra_personal"
          ],
          "create_before_destroy": true
        }
      ]
    },
    {
      "mode": "managed",
      "type": "aws_api_gateway_method",
      "name": "post_login",
      "provider": "provider[\"registry.terraform.io/hashicorp/aws\"]",
      "instances": [
        {
          "schema_version": 0,
          "attributes": {
            "api_key_required": false,
            "authorization": "NONE",
            "authorization_scopes": [],
            "authorizer_id": "",
            "http_method": "POST",
            "id": "agm-gh4vkppgue-05hne8-POST",
            "operation_name": "",
            "request_models": {},
            "request_parameters": {},
            "request_validator_id": "",
            "resource_id": "05hne8",
            "rest_api_id": "gh4vkppgue"
          },
          "sensitive_attributes": [],
          "private": "bnVsbA==",
          "dependencies": [
            "aws_api_gateway_resource.auth",
            "aws_api_gateway_resource.login",
            "aws_api_gateway_rest_api.sierra_personal"
          ],
          "create_before_destroy": true
        }
      ]
    },
    {
      "mode": "managed",
      "type": "aws_api_gateway_method",
      "name": "post_register",
      "provider": "provider[\"registry.terraform.io/hashicorp/aws\"]",
      "instances": [
        {
          "schema_version": 0,
          "attributes": {
            "api_key_required": false,
            "authorization": "NONE",
            "authorization_scopes": [],
            "authorizer_id": "",
            "http_method": "POST",
            "id": "agm-gh4vkppgue-cr4pnf-POST",
            "operation_name": "",
            "request_models": {},
            "request_parameters": {},
            "request_validator_id": "",
            "resource_id": "cr4pnf",
            "rest_api_id": "gh4vkppgue"
          },
          "sensitive_attributes": [],
          "private": "bnVsbA==",
          "dependencies": [
            "aws_api_gateway_resource.auth",
            "aws_api_gateway_resource.register",
            "aws_api_gateway_rest_api.sierra_personal"
          ],
          "create_before_destroy": true
        }
      ]
    },
    {
      "mode": "managed",
      "type": "aws_api_gateway_method",
      "name": "post_tickers",
      "provider": "provider[\"registry.terraform.io/hashicorp/aws\"]",
      "instances": [
        {
          "schema_version": 0,
          "attributes": {
            "api_key_required": false,
            "authorization": "NONE",
            "authorization_scopes": [],
            "authorizer_id": "",
            "http_method": "POST",
            "id": "agm-gh4vkppgue-6853t2-POST",
            "operation_name": "",
            "request_models": {},
            "request_parameters": {},
            "request_validator_id": "",
            "resource_id": "6853t2",
            "rest_api_id": "gh4vkppgue"
          },
          "sensitive_attributes": [],
          "private": "bnVsbA==",
          "dependencies": [
            "aws_api_gateway_resource.auth",
            "aws_api_gateway_resource.tickers",
            "aws_api_gateway_rest_api.sierra_personal"
          ],
          "create_before_destroy": true
        }
      ]
    },
    {
      "mode": "managed",
      "type": "aws_api_gateway_method_response",
      "name": "options_200_all",
      "provider": "provider[\"registry.terraform.io/hashicorp/aws\"]",
      "instances": [
        {
          "schema_version": 0,
          "attributes": {
            "http_method": "OPTIONS",
            "id": "agmr-gh4vkppgue-j5q5ah-OPTIONS-200",
            "resource_id": "j5q5ah",
            "response_models": {},
            "response_parameters": {
              "method.response.header.Access-Control-Allow-Headers": true,
              "method.response.header.Access-Control-Allow-Methods": true,
              "method.response.header.Access-Control-Allow-Origin": true
            },
            "rest_api_id": "gh4vkppgue",
            "status_code": "200"
          },
          "sensitive_attributes": [],
          "private": "bnVsbA==",
          "dependencies": [
            "aws_api_gateway_method.options_all",
            "aws_api_gateway_resource.all",
            "aws_api_gateway_resource.api",
            "aws_api_gateway_rest_api.sierra_personal"
          ]
        }
      ]
    },
    {
      "mode": "managed",
      "type": "aws_api_gateway_method_response",
      "name": "options_200_company_name",
      "provider": "provider[\"registry.terraform.io/hashicorp/aws\"]",
      "instances": [
        {
          "schema_version": 0,
          "attributes": {
            "http_method": "OPTIONS",
            "id": "agmr-gh4vkppgue-jph8fw-OPTIONS-200",
            "resource_id": "jph8fw",
            "response_models": {
              "application/json": "Empty"
            },
            "response_parameters": {
              "method.response.header.Access-Control-Allow-Headers": true,
              "method.response.header.Access-Control-Allow-Methods": true,
              "method.response.header.Access-Control-Allow-Origin": true
            },
            "rest_api_id": "gh4vkppgue",
            "status_code": "200"
          },
          "sensitive_attributes": [],
          "private": "bnVsbA==",
          "dependencies": [
            "aws_api_gateway_method.options_company_name",
            "aws_api_gateway_resource.api",
            "aws_api_gateway_resource.company",
            "aws_api_gateway_resource.company_name",
            "aws_api_gateway_resource.search",
            "aws_api_gateway_rest_api.sierra_personal"
          ]
        }
      ]
    },
    {
      "mode": "managed",
      "type": "aws_api_gateway_method_response",
      "name": "options_200_level_rating",
      "provider": "provider[\"registry.terraform.io/hashicorp/aws\"]",
      "instances": [
        {
          "schema_version": 0,
          "attributes": {
            "http_method": "OPTIONS",
            "id": "agmr-gh4vkppgue-2yaf0c-OPTIONS-200",
            "resource_id": "2yaf0c",
            "response_models": {},
            "response_parameters": {
              "method.response.header.Access-Control-Allow-Headers": true,
              "method.response.header.Access-Control-Allow-Methods": true,
              "method.response.header.Access-Control-Allow-Origin": true
            },
            "rest_api_id": "gh4vkppgue",
            "status_code": "200"
          },
          "sensitive_attributes": [],
          "private": "bnVsbA==",
          "dependencies": [
            "aws_api_gateway_method.options_level_rating",
            "aws_api_gateway_resource.api",
            "aws_api_gateway_resource.level",
            "aws_api_gateway_resource.rating",
            "aws_api_gateway_resource.search",
            "aws_api_gateway_resource.total_level",
            "aws_api_gateway_rest_api.sierra_personal"
          ]
        }
      ]
    },
    {
      "mode": "managed",
      "type": "aws_api_gateway_method_response",
      "name": "options_200_login",
      "provider": "provider[\"registry.terraform.io/hashicorp/aws\"]",
      "instances": [
        {
          "schema_version": 0,
          "attributes": {
            "http_method": "OPTIONS",
            "id": "agmr-gh4vkppgue-05hne8-OPTIONS-200",
            "resource_id": "05hne8",
            "response_models": {},
            "response_parameters": {
              "method.response.header.Access-Control-Allow-Headers": true,
              "method.response.header.Access-Control-Allow-Methods": true,
              "method.response.header.Access-Control-Allow-Origin": true
            },
            "rest_api_id": "gh4vkppgue",
            "status_code": "200"
          },
          "sensitive_attributes": [],
          "private": "bnVsbA==",
          "dependencies": [
            "aws_api_gateway_method.options_login",
            "aws_api_gateway_resource.auth",
            "aws_api_gateway_resource.login",
            "aws_api_gateway_rest_api.sierra_personal"
          ]
        }
      ]
    },
    {
      "mode": "managed",
      "type": "aws_api_gateway_method_response",
      "name": "options_200_register",
      "provider": "provider[\"registry.terraform.io/hashicorp/aws\"]",
      "instances": [
        {
          "schema_version": 0,
          "attributes": {
            "http_method": "OPTIONS",
            "id": "agmr-gh4vkppgue-cr4pnf-OPTIONS-200",
            "resource_id": "cr4pnf",
            "response_models": {},
            "response_parameters": {
              "method.response.header.Access-Control-Allow-Headers": true,
              "method.response.header.Access-Control-Allow-Methods": true,
              "method.response.header.Access-Control-Allow-Origin": true
            },
            "rest_api_id": "gh4vkppgue",
            "status_code": "200"
          },
          "sensitive_attributes": [],
          "private": "bnVsbA==",
          "dependencies": [
            "aws_api_gateway_method.options_register",
            "aws_api_gateway_resource.auth",
            "aws_api_gateway_resource.register",
            "aws_api_gateway_rest_api.sierra_personal"
          ]
        }
      ]
    },
    {
      "mode": "managed",
      "type": "aws_api_gateway_method_response",
      "name": "options_200_score_range",
      "provider": "provider[\"registry.terraform.io/hashicorp/aws\"]",
      "instances": [
        {
          "schema_version": 0,
          "attributes": {
            "http_method": "OPTIONS",
            "id": "agmr-gh4vkppgue-q7v66g-OPTIONS-200",
            "resource_id": "q7v66g",
            "response_models": {},
            "response_parameters": {
              "method.response.header.Access-Control-Allow-Headers": true,
              "method.response.header.Access-Control-Allow-Methods": true,
              "method.response.header.Access-Control-Allow-Origin": true
            },
            "rest_api_id": "gh4vkppgue",
            "status_code": "200"
          },
          "sensitive_attributes": [],
          "private": "bnVsbA==",
          "dependencies": [
            "aws_api_gateway_method.options_score_range",
            "aws_api_gateway_resource.api",
            "aws_api_gateway_resource.score",
            "aws_api_gateway_resource.score_type",
            "aws_api_gateway_resource.score_value1",
            "aws_api_gateway_resource.score_value2",
            "aws_api_gateway_resource.search",
            "aws_api_gateway_rest_api.sierra_personal"
          ]
        }
      ]
    },
    {
      "mode": "managed",
      "type": "aws_api_gateway_method_response",
      "name": "options_200_ticker",
      "provider": "provider[\"registry.terraform.io/hashicorp/aws\"]",
      "instances": [
        {
          "schema_version": 0,
          "attributes": {
            "http_method": "OPTIONS",
            "id": "agmr-gh4vkppgue-q8a8aa-OPTIONS-200",
            "resource_id": "q8a8aa",
            "response_models": {},
            "response_parameters": {
              "method.response.header.Access-Control-Allow-Headers": true,
              "method.response.header.Access-Control-Allow-Methods": true,
              "method.response.header.Access-Control-Allow-Origin": true
            },
            "rest_api_id": "gh4vkppgue",
            "status_code": "200"
          },
          "sensitive_attributes": [],
          "private": "bnVsbA==",
          "dependencies": [
            "aws_api_gateway_method.options_ticker",
            "aws_api_gateway_resource.api",
            "aws_api_gateway_resource.esg",
            "aws_api_gateway_resource.ticker",
            "aws_api_gateway_rest_api.sierra_personal"
          ]
        }
      ]
    },
    {
      "mode": "managed",
      "type": "aws_api_gateway_method_response",
      "name": "options_200_tickers",
      "provider": "provider[\"registry.terraform.io/hashicorp/aws\"]",
      "instances": [
        {
          "schema_version": 0,
          "attributes": {
            "http_method": "OPTIONS",
            "id": "agmr-gh4vkppgue-6853t2-OPTIONS-200",
            "resource_id": "6853t2",
            "response_models": {},
            "response_parameters": {
              "method.response.header.Access-Control-Allow-Headers": true,
              "method.response.header.Access-Control-Allow-Methods": true,
              "method.response.header.Access-Control-Allow-Origin": true
            },
            "rest_api_id": "gh4vkppgue",
            "status_code": "200"
          },
          "sensitive_attributes": [],
          "private": "bnVsbA==",
          "dependencies": [
            "aws_api_gateway_method.options_tickers",
            "aws_api_gateway_resource.auth",
            "aws_api_gateway_resource.tickers",
            "aws_api_gateway_rest_api.sierra_personal"
          ]
        }
      ]
    },
    {
      "mode": "managed",
      "type": "aws_api_gateway_resource",
      "name": "all",
      "provider": "provider[\"registry.terraform.io/hashicorp/aws\"]",
      "instances": [
        {
          "schema_version": 0,
          "attributes": {
            "id": "j5q5ah",
            "parent_id": "3ifq36",
            "path": "/api/all",
            "path_part": "all",
            "rest_api_id": "gh4vkppgue"
          },
          "sensitive_attributes": [],
          "private": "bnVsbA==",
          "dependencies": [
            "aws_api_gateway_resource.api",
            "aws_api_gateway_rest_api.sierra_personal"
          ],
          "create_before_destroy": true
        }
      ]
    },
    {
      "mode": "managed",
      "type": "aws_api_gateway_resource",
      "name": "api",
      "provider": "provider[\"registry.terraform.io/hashicorp/aws\"]",
      "instances": [
        {
          "schema_version": 0,
          "attributes": {
            "id": "3ifq36",
            "parent_id": "t03fh8wnol",
            "path": "/api",
            "path_part": "api",
            "rest_api_id": "gh4vkppgue"
          },
          "sensitive_attributes": [],
          "private": "bnVsbA==",
          "dependencies": [
            "aws_api_gateway_rest_api.sierra_personal"
          ],
          "create_before_destroy": true
        }
      ]
    },
    {
      "mode": "managed",
      "type": "aws_api_gateway_resource",
      "name": "auth",
      "provider": "provider[\"registry.terraform.io/hashicorp/aws\"]",
      "instances": [
        {
          "schema_version": 0,
          "attributes": {
            "id": "hh2062",
            "parent_id": "t03fh8wnol",
            "path": "/auth",
            "path_part": "auth",
            "rest_api_id": "gh4vkppgue"
          },
          "sensitive_attributes": [],
          "private": "bnVsbA==",
          "dependencies": [
            "aws_api_gateway_rest_api.sierra_personal"
          ],
          "create_before_destroy": true
        }
      ]
    },
    {
      "mode": "managed",
      "type": "aws_api_gateway_resource",
      "name": "company",
      "provider": "provider[\"registry.terraform.io/hashicorp/aws\"]",
      "instances": [
        {
          "schema_version": 0,
          "attributes": {
            "id": "rvp1dq",
            "parent_id": "cb5mzf",
            "path": "/api/search/company",
            "path_part": "company",
            "rest_api_id": "gh4vkppgue"
          },
          "sensitive_attributes": [],
          "private": "bnVsbA==",
          "dependencies": [
            "aws_api_gateway_resource.api",
            "aws_api_gateway_resource.search",
            "aws_api_gateway_rest_api.sierra_personal"
          ],
          "create_before_destroy": true
        }
      ]
    },
    {
      "mode": "managed",
      "type": "aws_api_gateway_resource",
      "name": "company_name",
      "provider": "provider[\"registry.terraform.io/hashicorp/aws\"]",
      "instances": [
        {
          "schema_version": 0,
          "attributes": {
            "id": "jph8fw",
            "parent_id": "rvp1dq",
            "path": "/api/search/company/{name}",
            "path_part": "{name}",
            "rest_api_id": "gh4vkppgue"
          },
          "sensitive_attributes": [],
          "private": "bnVsbA==",
          "dependencies": [
            "aws_api_gateway_resource.api",
            "aws_api_gateway_resource.company",
            "aws_api_gateway_resource.search",
            "aws_api_gateway_rest_api.sierra_personal"
          ],
          "create_before_destroy": true
        }
      ]
    },
    {
      "mode": "managed",
      "type": "aws_api_gateway_resource",
      "name": "esg",
      "provider": "provider[\"registry.terraform.io/hashicorp/aws\"]",
      "instances": [
        {
          "schema_version": 0,
          "attributes": {
            "id": "s0uvm9",
            "parent_id": "3ifq36",
            "path": "/api/esg",
            "path_part": "esg",
            "rest_api_id": "gh4vkppgue"
          },
          "sensitive_attributes": [],
          "private": "bnVsbA==",
          "dependencies": [
            "aws_api_gateway_resource.api",
            "aws_api_gateway_rest_api.sierra_personal"
          ],
          "create_before_destroy": true
        }
      ]
    },
    {
      "mode": "managed",
      "type": "aws_api_gateway_resource",
      "name": "greater",
      "provider": "provider[\"registry.terraform.io/hashicorp/aws\"]",
      "instances": [
        {
          "schema_version": 0,
          "attributes": {
            "id": "04md11",
            "parent_id": "kgl3uc",
            "path": "/api/search/score/greater",
            "path_part": "greater",
            "rest_api_id": "gh4vkppgue"
          },
          "sensitive_attributes": [],
          "private": "bnVsbA==",
          "dependencies": [
            "aws_api_gateway_resource.api",
            "aws_api_gateway_resource.score",
            "aws_api_gateway_resource.search",
            "aws_api_gateway_rest_api.sierra_personal"
          ],
          "create_before_destroy": true
        }
      ]
    },
    {
      "mode": "managed",
      "type": "aws_api_gateway_resource",
      "name": "greater_score_type",
      "provider": "provider[\"registry.terraform.io/hashicorp/aws\"]",
      "instances": [
        {
          "schema_version": 0,
          "attributes": {
            "id": "g7uwg4",
            "parent_id": "04md11",
            "path": "/api/search/score/greater/{scoreType}",
            "path_part": "{scoreType}",
            "rest_api_id": "gh4vkppgue"
          },
          "sensitive_attributes": [],
          "private": "bnVsbA==",
          "dependencies": [
            "aws_api_gateway_resource.api",
            "aws_api_gateway_resource.greater",
            "aws_api_gateway_resource.score",
            "aws_api_gateway_resource.search",
            "aws_api_gateway_rest_api.sierra_personal"
          ],
          "create_before_destroy": true
        }
      ]
    },
    {
      "mode": "managed",
      "type": "aws_api_gateway_resource",
      "name": "greater_score_value",
      "provider": "provider[\"registry.terraform.io/hashicorp/aws\"]",
      "instances": [
        {
          "schema_version": 0,
          "attributes": {
            "id": "3glout",
            "parent_id": "g7uwg4",
            "path": "/api/search/score/greater/{scoreType}/{score}",
            "path_part": "{score}",
            "rest_api_id": "gh4vkppgue"
          },
          "sensitive_attributes": [],
          "private": "bnVsbA==",
          "dependencies": [
            "aws_api_gateway_resource.api",
            "aws_api_gateway_resource.greater",
            "aws_api_gateway_resource.greater_score_type",
            "aws_api_gateway_resource.score",
            "aws_api_gateway_resource.search",
            "aws_api_gateway_rest_api.sierra_personal"
          ],
          "create_before_destroy": true
        }
      ]
    },
    {
      "mode": "managed",
      "type": "aws_api_gateway_resource",
      "name": "health",
      "provider": "provider[\"registry.terraform.io/hashicorp/aws\"]",
      "instances": [
        {
          "schema_version": 0,
          "attributes": {
            "id": "3c1079",
            "parent_id": "hh2062",
            "path": "/auth/health",
            "path_part": "health",
            "rest_api_id": "gh4vkppgue"
          },
          "sensitive_attributes": [],
          "private": "bnVsbA==",
          "dependencies": [
            "aws_api_gateway_resource.auth",
            "aws_api_gateway_rest_api.sierra_personal"
          ],
          "create_before_destroy": true
        }
      ]
    },
    {
      "mode": "managed",
      "type": "aws_api_gateway_resource",
      "name": "init",
      "provider": "provider[\"registry.terraform.io/hashicorp/aws\"]",
      "instances": [
        {
          "schema_version": 0,
          "attributes": {
            "id": "w12wk4",
            "parent_id": "hh2062",
            "path": "/auth/init",
            "path_part": "init",
            "rest_api_id": "gh4vkppgue"
          },
          "sensitive_attributes": [],
          "private": "bnVsbA==",
          "dependencies": [
            "aws_api_gateway_resource.auth",
            "aws_api_gateway_rest_api.sierra_personal"
          ],
          "create_before_destroy": true
        }
      ]
    },
    {
      "mode": "managed",
      "type": "aws_api_gateway_resource",
      "name": "lesser",
      "provider": "provider[\"registry.terraform.io/hashicorp/aws\"]",
      "instances": [
        {
          "schema_version": 0,
          "attributes": {
            "id": "6xqfre",
            "parent_id": "kgl3uc",
            "path": "/api/search/score/lesser",
            "path_part": "lesser",
            "rest_api_id": "gh4vkppgue"
          },
          "sensitive_attributes": [],
          "private": "bnVsbA==",
          "dependencies": [
            "aws_api_gateway_resource.api",
            "aws_api_gateway_resource.score",
            "aws_api_gateway_resource.search",
            "aws_api_gateway_rest_api.sierra_personal"
          ],
          "create_before_destroy": true
        }
      ]
    },
    {
      "mode": "managed",
      "type": "aws_api_gateway_resource",
      "name": "lesser_score_type",
      "provider": "provider[\"registry.terraform.io/hashicorp/aws\"]",
      "instances": [
        {
          "schema_version": 0,
          "attributes": {
            "id": "f46c9t",
            "parent_id": "6xqfre",
            "path": "/api/search/score/lesser/{scoreType}",
            "path_part": "{scoreType}",
            "rest_api_id": "gh4vkppgue"
          },
          "sensitive_attributes": [],
          "private": "bnVsbA==",
          "dependencies": [
            "aws_api_gateway_resource.api",
            "aws_api_gateway_resource.lesser",
            "aws_api_gateway_resource.score",
            "aws_api_gateway_resource.search",
            "aws_api_gateway_rest_api.sierra_personal"
          ],
          "create_before_destroy": true
        }
      ]
    },
    {
      "mode": "managed",
      "type": "aws_api_gateway_resource",
      "name": "lesser_score_value",
      "provider": "provider[\"registry.terraform.io/hashicorp/aws\"]",
      "instances": [
        {
          "schema_version": 0,
          "attributes": {
            "id": "n8ezd9",
            "parent_id": "f46c9t",
            "path": "/api/search/score/lesser/{scoreType}/{score}",
            "path_part": "{score}",
            "rest_api_id": "gh4vkppgue"
          },
          "sensitive_attributes": [],
          "private": "bnVsbA==",
          "dependencies": [
            "aws_api_gateway_resource.api",
            "aws_api_gateway_resource.lesser",
            "aws_api_gateway_resource.lesser_score_type",
            "aws_api_gateway_resource.score",
            "aws_api_gateway_resource.search",
            "aws_api_gateway_rest_api.sierra_personal"
          ],
          "create_before_destroy": true
        }
      ]
    },
    {
      "mode": "managed",
      "type": "aws_api_gateway_resource",
      "name": "level",
      "provider": "provider[\"registry.terraform.io/hashicorp/aws\"]",
      "instances": [
        {
          "schema_version": 0,
          "attributes": {
            "id": "jrmhte",
            "parent_id": "cb5mzf",
            "path": "/api/search/level",
            "path_part": "level",
            "rest_api_id": "gh4vkppgue"
          },
          "sensitive_attributes": [],
          "private": "bnVsbA==",
          "dependencies": [
            "aws_api_gateway_resource.api",
            "aws_api_gateway_resource.search",
            "aws_api_gateway_rest_api.sierra_personal"
          ],
          "create_before_destroy": true
        }
      ]
    },
    {
      "mode": "managed",
      "type": "aws_api_gateway_resource",
      "name": "login",
      "provider": "provider[\"registry.terraform.io/hashicorp/aws\"]",
      "instances": [
        {
          "schema_version": 0,
          "attributes": {
            "id": "05hne8",
            "parent_id": "hh2062",
            "path": "/auth/login",
            "path_part": "login",
            "rest_api_id": "gh4vkppgue"
          },
          "sensitive_attributes": [],
          "private": "bnVsbA==",
          "dependencies": [
            "aws_api_gateway_resource.auth",
            "aws_api_gateway_rest_api.sierra_personal"
          ],
          "create_before_destroy": true
        }
      ]
    },
    {
      "mode": "managed",
      "type": "aws_api_gateway_resource",
      "name": "predict",
      "provider": "provider[\"registry.terraform.io/hashicorp/aws\"]",
      "instances": [
        {
          "schema_version": 0,
          "attributes": {
            "id": "4epz2a",
            "parent_id": "3ifq36",
            "path": "/api/predict",
            "path_part": "predict",
            "rest_api_id": "gh4vkppgue"
          },
          "sensitive_attributes": [],
          "private": "bnVsbA==",
          "dependencies": [
            "aws_api_gateway_resource.api",
            "aws_api_gateway_rest_api.sierra_personal"
          ],
          "create_before_destroy": true
        }
      ]
    },
    {
      "mode": "managed",
      "type": "aws_api_gateway_resource",
      "name": "rating",
      "provider": "provider[\"registry.terraform.io/hashicorp/aws\"]",
      "instances": [
        {
          "schema_version": 0,
          "attributes": {
            "id": "2yaf0c",
            "parent_id": "zkbu3n",
            "path": "/api/search/level/total_level/{rating}",
            "path_part": "{rating}",
            "rest_api_id": "gh4vkppgue"
          },
          "sensitive_attributes": [],
          "private": "bnVsbA==",
          "dependencies": [
            "aws_api_gateway_resource.api",
            "aws_api_gateway_resource.level",
            "aws_api_gateway_resource.search",
            "aws_api_gateway_resource.total_level",
            "aws_api_gateway_rest_api.sierra_personal"
          ],
          "create_before_destroy": true
        }
      ]
    },
    {
      "mode": "managed",
      "type": "aws_api_gateway_resource",
      "name": "register",
      "provider": "provider[\"registry.terraform.io/hashicorp/aws\"]",
      "instances": [
        {
          "schema_version": 0,
          "attributes": {
            "id": "cr4pnf",
            "parent_id": "hh2062",
            "path": "/auth/register",
            "path_part": "register",
            "rest_api_id": "gh4vkppgue"
          },
          "sensitive_attributes": [],
          "private": "bnVsbA==",
          "dependencies": [
            "aws_api_gateway_resource.auth",
            "aws_api_gateway_rest_api.sierra_personal"
          ],
          "create_before_destroy": true
        }
      ]
    },
    {
      "mode": "managed",
      "type": "aws_api_gateway_resource",
      "name": "score",
      "provider": "provider[\"registry.terraform.io/hashicorp/aws\"]",
      "instances": [
        {
          "schema_version": 0,
          "attributes": {
            "id": "kgl3uc",
            "parent_id": "cb5mzf",
            "path": "/api/search/score",
            "path_part": "score",
            "rest_api_id": "gh4vkppgue"
          },
          "sensitive_attributes": [],
          "private": "bnVsbA==",
          "dependencies": [
            "aws_api_gateway_resource.api",
            "aws_api_gateway_resource.search",
            "aws_api_gateway_rest_api.sierra_personal"
          ],
          "create_before_destroy": true
        }
      ]
    },
    {
      "mode": "managed",
      "type": "aws_api_gateway_resource",
      "name": "score_type",
      "provider": "provider[\"registry.terraform.io/hashicorp/aws\"]",
      "instances": [
        {
          "schema_version": 0,
          "attributes": {
            "id": "te6is2",
            "parent_id": "kgl3uc",
            "path": "/api/search/score/{scoreType}",
            "path_part": "{scoreType}",
            "rest_api_id": "gh4vkppgue"
          },
          "sensitive_attributes": [],
          "private": "bnVsbA==",
          "dependencies": [
            "aws_api_gateway_resource.api",
            "aws_api_gateway_resource.score",
            "aws_api_gateway_resource.search",
            "aws_api_gateway_rest_api.sierra_personal"
          ],
          "create_before_destroy": true
        }
      ]
    },
    {
      "mode": "managed",
      "type": "aws_api_gateway_resource",
      "name": "score_value1",
      "provider": "provider[\"registry.terraform.io/hashicorp/aws\"]",
      "instances": [
        {
          "schema_version": 0,
          "attributes": {
            "id": "8lu9b9",
            "parent_id": "te6is2",
            "path": "/api/search/score/{scoreType}/{score1}",
            "path_part": "{score1}",
            "rest_api_id": "gh4vkppgue"
          },
          "sensitive_attributes": [],
          "private": "bnVsbA==",
          "dependencies": [
            "aws_api_gateway_resource.api",
            "aws_api_gateway_resource.score",
            "aws_api_gateway_resource.score_type",
            "aws_api_gateway_resource.search",
            "aws_api_gateway_rest_api.sierra_personal"
          ],
          "create_before_destroy": true
        }
      ]
    },
    {
      "mode": "managed",
      "type": "aws_api_gateway_resource",
      "name": "score_value2",
      "provider": "provider[\"registry.terraform.io/hashicorp/aws\"]",
      "instances": [
        {
          "schema_version": 0,
          "attributes": {
            "id": "q7v66g",
            "parent_id": "8lu9b9",
            "path": "/api/search/score/{scoreType}/{score1}/{score2}",
            "path_part": "{score2}",
            "rest_api_id": "gh4vkppgue"
          },
          "sensitive_attributes": [],
          "private": "bnVsbA==",
          "dependencies": [
            "aws_api_gateway_resource.api",
            "aws_api_gateway_resource.score",
            "aws_api_gateway_resource.score_type",
            "aws_api_gateway_resource.score_value1",
            "aws_api_gateway_resource.search",
            "aws_api_gateway_rest_api.sierra_personal"
          ],
          "create_before_destroy": true
        }
      ]
    },
    {
      "mode": "managed",
      "type": "aws_api_gateway_resource",
      "name": "search",
      "provider": "provider[\"registry.terraform.io/hashicorp/aws\"]",
      "instances": [
        {
          "schema_version": 0,
          "attributes": {
            "id": "cb5mzf",
            "parent_id": "3ifq36",
            "path": "/api/search",
            "path_part": "search",
            "rest_api_id": "gh4vkppgue"
          },
          "sensitive_attributes": [],
          "private": "bnVsbA==",
          "dependencies": [
            "aws_api_gateway_resource.api",
            "aws_api_gateway_rest_api.sierra_personal"
          ],
          "create_before_destroy": true
        }
      ]
    },
    {
      "mode": "managed",
      "type": "aws_api_gateway_resource",
      "name": "ticker",
      "provider": "provider[\"registry.terraform.io/hashicorp/aws\"]",
      "instances": [
        {
          "schema_version": 0,
          "attributes": {
            "id": "q8a8aa",
            "parent_id": "s0uvm9",
            "path": "/api/esg/{ticker}",
            "path_part": "{ticker}",
            "rest_api_id": "gh4vkppgue"
          },
          "sensitive_attributes": [],
          "private": "bnVsbA==",
          "dependencies": [
            "aws_api_gateway_resource.api",
            "aws_api_gateway_resource.esg",
            "aws_api_gateway_rest_api.sierra_personal"
          ],
          "create_before_destroy": true
        }
      ]
    },
    {
      "mode": "managed",
      "type": "aws_api_gateway_resource",
      "name": "tickers",
      "provider": "provider[\"registry.terraform.io/hashicorp/aws\"]",
      "instances": [
        {
          "schema_version": 0,
          "attributes": {
            "id": "6853t2",
            "parent_id": "hh2062",
            "path": "/auth/tickers",
            "path_part": "tickers",
            "rest_api_id": "gh4vkppgue"
          },
          "sensitive_attributes": [],
          "private": "bnVsbA==",
          "dependencies": [
            "aws_api_gateway_resource.auth",
            "aws_api_gateway_rest_api.sierra_personal"
          ],
          "create_before_destroy": true
        }
      ]
    },
    {
      "mode": "managed",
      "type": "aws_api_gateway_resource",
      "name": "total_level",
      "provider": "provider[\"registry.terraform.io/hashicorp/aws\"]",
      "instances": [
        {
          "schema_version": 0,
          "attributes": {
            "id": "zkbu3n",
            "parent_id": "jrmhte",
            "path": "/api/search/level/total_level",
            "path_part": "total_level",
            "rest_api_id": "gh4vkppgue"
          },
          "sensitive_attributes": [],
          "private": "bnVsbA==",
          "dependencies": [
            "aws_api_gateway_resource.api",
            "aws_api_gateway_resource.level",
            "aws_api_gateway_resource.search",
            "aws_api_gateway_rest_api.sierra_personal"
          ],
          "create_before_destroy": true
        }
      ]
    },
    {
      "mode": "managed",
      "type": "aws_api_gateway_rest_api",
      "name": "sierra_personal",
      "provider": "provider[\"registry.terraform.io/hashicorp/aws\"]",
      "instances": [
        {
          "schema_version": 0,
          "attributes": {
            "api_key_source": "HEADER",
            "arn": "arn:aws:apigateway:us-east-1::/restapis/gh4vkppgue",
            "binary_media_types": [],
            "body": null,
            "created_date": "2025-03-18T14:00:22Z",
            "description": "SIERRA Investments API - Personal Deployment",
            "disable_execute_api_endpoint": false,
            "endpoint_configuration": [
              {
                "types": [
                  "EDGE"
                ],
                "vpc_endpoint_ids": []
              }
            ],
            "execution_arn": "arn:aws:execute-api:us-east-1:797976479464:gh4vkppgue",
            "fail_on_warnings": null,
            "id": "gh4vkppgue",
            "minimum_compression_size": -1,
            "name": "sierra-api-personal",
            "parameters": null,
            "policy": "",
            "put_rest_api_mode": null,
            "root_resource_id": "t03fh8wnol",
            "tags": {},
            "tags_all": {}
          },
          "sensitive_attributes": [],
          "private": "bnVsbA==",
          "create_before_destroy": true
        }
      ]
    },
    {
      "mode": "managed",
      "type": "aws_api_gateway_stage",
      "name": "prod",
      "provider": "provider[\"registry.terraform.io/hashicorp/aws\"]",
      "instances": [
        {
          "schema_version": 0,
          "attributes": {
            "access_log_settings": [],
            "arn": "arn:aws:apigateway:us-east-1::/restapis/gh4vkppgue/stages/prod",
            "cache_cluster_enabled": false,
            "cache_cluster_size": "",
            "canary_settings": [],
            "client_certificate_id": "",
            "deployment_id": "9le7js",
            "description": "",
            "documentation_version": "",
            "execution_arn": "arn:aws:execute-api:us-east-1:797976479464:gh4vkppgue/prod",
            "id": "ags-gh4vkppgue-prod",
            "invoke_url": "https://gh4vkppgue.execute-api.us-east-1.amazonaws.com/prod",
            "rest_api_id": "gh4vkppgue",
            "stage_name": "prod",
            "tags": {},
            "tags_all": {},
            "variables": {},
            "web_acl_arn": "",
            "xray_tracing_enabled": false
          },
          "sensitive_attributes": [],
          "private": "bnVsbA==",
          "dependencies": [
            "aws_api_gateway_deployment.sierra_personal",
            "aws_api_gateway_integration.lambda_all",
            "aws_api_gateway_integration.lambda_health",
            "aws_api_gateway_integration.lambda_init",
            "aws_api_gateway_integration.lambda_integration_company_name",
            "aws_api_gateway_integration.lambda_integration_greater_score",
            "aws_api_gateway_integration.lambda_integration_lesser_score",
            "aws_api_gateway_integration.lambda_integration_level_rating",
            "aws_api_gateway_integration.lambda_integration_predict",
            "aws_api_gateway_integration.lambda_integration_score_range",
            "aws_api_gateway_integration.lambda_login",
            "aws_api_gateway_integration.lambda_register",
            "aws_api_gateway_integration.lambda_ticker",
            "aws_api_gateway_integration.lambda_tickers",
            "aws_api_gateway_integration.options_all",
            "aws_api_gateway_integration.options_company_name",
            "aws_api_gateway_integration.options_level_rating",
            "aws_api_gateway_integration.options_login",
            "aws_api_gateway_integration.options_register",
            "aws_api_gateway_integration.options_score_range",
            "aws_api_gateway_integration.options_ticker",
            "aws_api_gateway_integration.options_tickers",
            "aws_api_gateway_method.get_all",
            "aws_api_gateway_method.get_company_name",
            "aws_api_gateway_method.get_greater_score",
            "aws_api_gateway_method.get_health",
            "aws_api_gateway_method.get_init",
            "aws_api_gateway_method.get_lesser_score",
            "aws_api_gateway_method.get_level_rating",
            "aws_api_gateway_method.get_predict",
            "aws_api_gateway_method.get_score_range",
            "aws_api_gateway_method.get_ticker",
            "aws_api_gateway_method.options_all",
            "aws_api_gateway_method.options_company_name",
            "aws_api_gateway_method.options_level_rating",
            "aws_api_gateway_method.options_login",
            "aws_api_gateway_method.options_register",
            "aws_api_gateway_method.options_score_range",
            "aws_api_gateway_method.options_ticker",
            "aws_api_gateway_method.options_tickers",
            "aws_api_gateway_method.post_login",
            "aws_api_gateway_method.post_register",
            "aws_api_gateway_method.post_tickers",
            "aws_api_gateway_resource.all",
            "aws_api_gateway_resource.api",
            "aws_api_gateway_resource.auth",
            "aws_api_gateway_resource.company",
            "aws_api_gateway_resource.company_name",
            "aws_api_gateway_resource.esg",
            "aws_api_gateway_resource.greater",
            "aws_api_gateway_resource.greater_score_type",
            "aws_api_gateway_resource.greater_score_value",
            "aws_api_gateway_resource.health",
            "aws_api_gateway_resource.init",
            "aws_api_gateway_resource.lesser",
            "aws_api_gateway_resource.lesser_score_type",
            "aws_api_gateway_resource.lesser_score_value",
            "aws_api_gateway_resource.level",
            "aws_api_gateway_resource.login",
            "aws_api_gateway_resource.predict",
            "aws_api_gateway_resource.rating",
            "aws_api_gateway_resource.register",
            "aws_api_gateway_resource.score",
            "aws_api_gateway_resource.score_type",
            "aws_api_gateway_resource.score_value1",
            "aws_api_gateway_resource.score_value2",
            "aws_api_gateway_resource.search",
            "aws_api_gateway_resource.ticker",
            "aws_api_gateway_resource.tickers",
            "aws_api_gateway_resource.total_level",
            "aws_api_gateway_rest_api.sierra_personal",
            "aws_dynamodb_table.esg_processed",
            "aws_iam_role.lambda_role",
            "aws_lambda_function.api_handler",
            "aws_lambda_function.auth_handler",
            "aws_lambda_function.predict_handler"
          ]
        }
      ]
    },
    {
      "mode": "managed",
      "type": "aws_dynamodb_table",
      "name": "esg_processed",
      "provider": "provider[\"registry.terraform.io/hashicorp/aws\"]",
      "instances": [
        {
          "schema_version": 1,
          "attributes": {
            "arn": "arn:aws:dynamodb:us-east-1:797976479464:table/esg_processed",
            "attribute": [
              {
                "name": "company_name",
                "type": "S"
              },
              {
                "name": "last_processed_date",
                "type": "S"
              },
              {
                "name": "rating",
                "type": "S"
              },
              {
                "name": "ticker",
                "type": "S"
              },
              {
                "name": "timestamp",
                "type": "S"
              },
              {
                "name": "total_score",
                "type": "N"
              }
            ],
            "billing_mode": "PAY_PER_REQUEST",
            "deletion_protection_enabled": false,
            "global_secondary_index": [
              {
                "hash_key": "company_name",
                "name": "CompanyNameIndex",
                "non_key_attributes": [],
                "projection_type": "ALL",
                "range_key": "timestamp",
                "read_capacity": 0,
                "write_capacity": 0
              },
              {
                "hash_key": "last_processed_date",
                "name": "DateIndex",
                "non_key_attributes": [],
                "projection_type": "ALL",
                "range_key": "ticker",
                "read_capacity": 0,
                "write_capacity": 0
              },
              {
                "hash_key": "rating",
                "name": "RatingIndex",
                "non_key_attributes": [],
                "projection_type": "ALL",
                "range_key": "timestamp",
                "read_capacity": 0,
                "write_capacity": 0
              },
              {
                "hash_key": "total_score",
                "name": "ScoreIndex",
                "non_key_attributes": [],
                "projection_type": "ALL",
                "range_key": "timestamp",
                "read_capacity": 0,
                "write_capacity": 0
              }
            ],
            "hash_key": "ticker",
            "id": "esg_processed",
            "local_secondary_index": [],
            "name": "esg_processed",
            "point_in_time_recovery": [
              {
                "enabled": false
              }
            ],
            "range_key": "timestamp",
            "read_capacity": 0,
            "replica": [],
            "restore_date_time": null,
            "restore_source_name": null,
            "restore_to_latest_time": null,
            "server_side_encryption": [],
            "stream_arn": "",
            "stream_enabled": false,
            "stream_label": "",
            "stream_view_type": "",
            "table_class": "STANDARD",
            "tags": {
              "DataSource": "SIERRA_Investments",
              "DatasetType": "ESG_Scores",
              "Environment": "Personal",
              "Name": "ESG Dataset Personal",
              "Project": "SIERRA"
            },
            "tags_all": {
              "DataSource": "SIERRA_Investments",
              "DatasetType": "ESG_Scores",
              "Environment": "Personal",
              "Name": "ESG Dataset Personal",
              "Project": "SIERRA"
            },
            "timeouts": null,
            "ttl": [
              {
                "attribute_name": "",
                "enabled": false
              }
            ],
            "write_capacity": 0
          },
          "sensitive_attributes": [],
          "private": "eyJlMmJmYjczMC1lY2FhLTExZTYtOGY4OC0zNDM2M2JjN2M0YzAiOnsiY3JlYXRlIjoxODAwMDAwMDAwMDAwLCJkZWxldGUiOjYwMDAwMDAwMDAwMCwidXBkYXRlIjozNjAwMDAwMDAwMDAwfSwic2NoZW1hX3ZlcnNpb24iOiIxIn0=",
          "create_before_destroy": true
        }
      ]
    },
    {
      "mode": "managed",
      "type": "aws_dynamodb_table",
      "name": "sierra_saved_tickers",
      "provider": "provider[\"registry.terraform.io/hashicorp/aws\"]",
      "instances": [
        {
          "schema_version": 1,
          "attributes": {
            "arn": "arn:aws:dynamodb:us-east-1:797976479464:table/sierra_saved_tickers",
            "attribute": [
              {
                "name": "ticker",
                "type": "S"
              },
              {
                "name": "user_id",
                "type": "S"
              }
            ],
            "billing_mode": "PAY_PER_REQUEST",
            "deletion_protection_enabled": false,
            "global_secondary_index": [
              {
                "hash_key": "ticker",
                "name": "TickerIndex",
                "non_key_attributes": [],
                "projection_type": "ALL",
                "range_key": "",
                "read_capacity": 0,
                "write_capacity": 0
              }
            ],
            "hash_key": "user_id",
            "id": "sierra_saved_tickers",
            "local_secondary_index": [],
            "name": "sierra_saved_tickers",
            "point_in_time_recovery": [
              {
                "enabled": false
              }
            ],
            "range_key": "ticker",
            "read_capacity": 0,
            "replica": [],
            "restore_date_time": null,
            "restore_source_name": null,
            "restore_to_latest_time": null,
            "server_side_encryption": [],
            "stream_arn": "",
            "stream_enabled": false,
            "stream_label": "",
            "stream_view_type": "",
            "table_class": "STANDARD",
            "tags": {
              "Environment": "production",
              "Name": "sierra-saved-tickers"
            },
            "tags_all": {
              "Environment": "production",
              "Name": "sierra-saved-tickers"
            },
            "timeouts": null,
            "ttl": [
              {
                "attribute_name": "",
                "enabled": false
              }
            ],
            "write_capacity": 0
          },
          "sensitive_attributes": [],
          "private": "eyJlMmJmYjczMC1lY2FhLTExZTYtOGY4OC0zNDM2M2JjN2M0YzAiOnsiY3JlYXRlIjoxODAwMDAwMDAwMDAwLCJkZWxldGUiOjYwMDAwMDAwMDAwMCwidXBkYXRlIjozNjAwMDAwMDAwMDAwfSwic2NoZW1hX3ZlcnNpb24iOiIxIn0="
        }
      ]
    },
    {
      "mode": "managed",
      "type": "aws_dynamodb_table",
      "name": "sierra_users",
      "provider": "provider[\"registry.terraform.io/hashicorp/aws\"]",
      "instances": [
        {
          "schema_version": 1,
          "attributes": {
            "arn": "arn:aws:dynamodb:us-east-1:797976479464:table/sierra_users",
            "attribute": [
              {
                "name": "account_status",
                "type": "S"
              },
              {
                "name": "email",
                "type": "S"
              },
              {
                "name": "user_id",
                "type": "S"
              }
            ],
            "billing_mode": "PAY_PER_REQUEST",
            "deletion_protection_enabled": false,
            "global_secondary_index": [
              {
                "hash_key": "account_status",
                "name": "AccountStatusIndex",
                "non_key_attributes": [],
                "projection_type": "ALL",
                "range_key": "email",
                "read_capacity": 0,
                "write_capacity": 0
              },
              {
                "hash_key": "user_id",
                "name": "UserIdIndex",
                "non_key_attributes": [],
                "projection_type": "ALL",
                "range_key": "",
                "read_capacity": 0,
                "write_capacity": 0
              }
            ],
            "hash_key": "email",
            "id": "sierra_users",
            "local_secondary_index": [],
            "name": "sierra_users",
            "point_in_time_recovery": [
              {
                "enabled": false
              }
            ],
            "range_key": null,
            "read_capacity": 0,
            "replica": [],
            "restore_date_time": null,
            "restore_source_name": null,
            "restore_to_latest_time": null,
            "server_side_encryption": [],
            "stream_arn": "",
            "stream_enabled": false,
            "stream_label": "",
            "stream_view_type": "",
            "table_class": "STANDARD",
            "tags": {
              "Environment": "production",
              "Name": "sierra-users"
            },
            "tags_all": {
              "Environment": "production",
              "Name": "sierra-users"
            },
            "timeouts": null,
            "ttl": [
              {
                "attribute_name": "",
                "enabled": false
              }
            ],
            "write_capacity": 0
          },
          "sensitive_attributes": [],
          "private": "eyJlMmJmYjczMC1lY2FhLTExZTYtOGY4OC0zNDM2M2JjN2M0YzAiOnsiY3JlYXRlIjoxODAwMDAwMDAwMDAwLCJkZWxldGUiOjYwMDAwMDAwMDAwMCwidXBkYXRlIjozNjAwMDAwMDAwMDAwfSwic2NoZW1hX3ZlcnNpb24iOiIxIn0="
        }
      ]
    },
    {
      "mode": "managed",
      "type": "aws_iam_role",
      "name": "lambda_role",
      "provider": "provider[\"registry.terraform.io/hashicorp/aws\"]",
      "instances": [
        {
          "schema_version": 0,
          "attributes": {
            "arn": "arn:aws:iam::797976479464:role/sierra-lambda-role-personal",
            "assume_role_policy": "{\"Statement\":[{\"Action\":\"sts:AssumeRole\",\"Effect\":\"Allow\",\"Principal\":{\"Service\":\"lambda.amazonaws.com\"}}],\"Version\":\"2012-10-17\"}",
            "create_date": "2025-03-18T13:07:00Z",
            "description": "",
            "force_detach_policies": false,
            "id": "sierra-lambda-role-personal",
            "inline_policy": [
              {
                "name": "lambda_s3_policy",
                "policy": "{\"Version\":\"2012-10-17\",\"Statement\":[{\"Action\":[\"s3:GetObject\",\"s3:ListBucket\"],\"Effect\":\"Allow\",\"Resource\":[\"arn:aws:s3:::sierra-personal-bucket-2025\",\"arn:aws:s3:::sierra-personal-bucket-2025/*\"]}]}"
              },
              {
                "name": "sagemaker-invoke",
                "policy": "{\"Version\":\"2012-10-17\",\"Statement\":[{\"Action\":\"sagemaker:InvokeEndpoint\",\"Effect\":\"Allow\",\"Resource\":\"arn:aws:sagemaker:us-east-1:797976479464:endpoint/esg-xgboost-endpoint-v3\"}]}"
              },
              {
                "name": "sierra-lambda-auth-dynamodb-policy",
                "policy": "{\"Version\":\"2012-10-17\",\"Statement\":[{\"Action\":[\"dynamodb:CreateTable\",\"dynamodb:Query\",\"dynamodb:Scan\",\"dynamodb:GetItem\",\"dynamodb:PutItem\",\"dynamodb:UpdateItem\",\"dynamodb:DeleteItem\",\"dynamodb:BatchWriteItem\",\"dynamodb:BatchGetItem\"],\"Effect\":\"Allow\",\"Resource\":[\"arn:aws:dynamodb:us-east-1:797976479464:table/sierra_users\",\"arn:aws:dynamodb:us-east-1:797976479464:table/sierra_users/index/*\",\"arn:aws:dynamodb:us-east-1:797976479464:table/sierra_saved_tickers\",\"arn:aws:dynamodb:us-east-1:797976479464:table/sierra_saved_tickers/index/*\"]}]}"
              },
              {
                "name": "sierra-lambda-dynamodb-policy-personal",
                "policy": "{\"Version\":\"2012-10-17\",\"Statement\":[{\"Action\":[\"dynamodb:Query\",\"dynamodb:Scan\",\"dynamodb:GetItem\",\"dynamodb:PutItem\",\"dynamodb:UpdateItem\",\"dynamodb:DeleteItem\",\"dynamodb:BatchWriteItem\",\"dynamodb:BatchGetItem\"],\"Effect\":\"Allow\",\"Resource\":[\"arn:aws:dynamodb:us-east-1:797976479464:table/esg_processed\",\"arn:aws:dynamodb:us-east-1:797976479464:table/esg_processed/index/*\"]}]}"
              }
            ],
            "managed_policy_arns": [
              "arn:aws:iam::aws:policy/service-role/AWSLambdaBasicExecutionRole"
            ],
            "max_session_duration": 3600,
            "name": "sierra-lambda-role-personal",
            "name_prefix": "",
            "path": "/",
            "permissions_boundary": null,
            "role_last_used": [
              {
                "last_used_date": "2025-04-17T12:44:33Z",
                "region": "us-east-1"
              }
            ],
            "tags": {},
            "tags_all": {},
            "unique_id": "AROA3TSY2Y3UBON2265OE"
          },
          "sensitive_attributes": [],
          "private": "bnVsbA=="
        }
      ]
    },
    {
      "mode": "managed",
      "type": "aws_iam_role",
      "name": "sagemaker_execution_role",
      "provider": "provider[\"registry.terraform.io/hashicorp/aws\"]",
      "instances": [
        {
          "schema_version": 0,
          "attributes": {
            "arn": "arn:aws:iam::797976479464:role/sagemaker-esg-execution-role",
            "assume_role_policy": "{\"Statement\":[{\"Action\":\"sts:AssumeRole\",\"Effect\":\"Allow\",\"Principal\":{\"Service\":\"sagemaker.amazonaws.com\"}}],\"Version\":\"2012-10-17\"}",
            "create_date": "2025-04-07T13:32:48Z",
            "description": "",
            "force_detach_policies": false,
            "id": "sagemaker-esg-execution-role",
            "inline_policy": [],
            "managed_policy_arns": [
              "arn:aws:iam::aws:policy/AmazonS3FullAccess",
              "arn:aws:iam::aws:policy/AmazonSageMakerFullAccess"
            ],
            "max_session_duration": 3600,
            "name": "sagemaker-esg-execution-role",
            "name_prefix": "",
            "path": "/",
            "permissions_boundary": null,
            "role_last_used": [
              {
                "last_used_date": "2025-04-17T11:34:15Z",
                "region": "us-east-1"
              }
            ],
            "tags": {},
            "tags_all": {},
            "unique_id": "AROA3TSY2Y3UKFTBO26D2"
          },
          "sensitive_attributes": [],
          "private": "bnVsbA=="
        }
      ]
    },
    {
      "mode": "managed",
      "type": "aws_iam_role_policy",
      "name": "lambda_auth_dynamodb_policy",
      "provider": "provider[\"registry.terraform.io/hashicorp/aws\"]",
      "instances": [
        {
          "schema_version": 0,
          "attributes": {
            "id": "sierra-lambda-role-personal:sierra-lambda-auth-dynamodb-policy",
            "name": "sierra-lambda-auth-dynamodb-policy",
            "name_prefix": null,
            "policy": "{\"Version\":\"2012-10-17\",\"Statement\":[{\"Action\":[\"dynamodb:CreateTable\",\"dynamodb:Query\",\"dynamodb:Scan\",\"dynamodb:GetItem\",\"dynamodb:PutItem\",\"dynamodb:UpdateItem\",\"dynamodb:DeleteItem\",\"dynamodb:BatchWriteItem\",\"dynamodb:BatchGetItem\"],\"Effect\":\"Allow\",\"Resource\":[\"arn:aws:dynamodb:us-east-1:797976479464:table/sierra_users\",\"arn:aws:dynamodb:us-east-1:797976479464:table/sierra_users/index/*\",\"arn:aws:dynamodb:us-east-1:797976479464:table/sierra_saved_tickers\",\"arn:aws:dynamodb:us-east-1:797976479464:table/sierra_saved_tickers/index/*\"]}]}",
            "role": "sierra-lambda-role-personal"
          },
          "sensitive_attributes": [],
          "private": "bnVsbA==",
          "dependencies": [
            "aws_dynamodb_table.sierra_saved_tickers",
            "aws_dynamodb_table.sierra_users",
            "aws_iam_role.lambda_role"
          ]
        }
      ]
    },
    {
      "mode": "managed",
      "type": "aws_iam_role_policy",
      "name": "lambda_dynamodb_policy",
      "provider": "provider[\"registry.terraform.io/hashicorp/aws\"]",
      "instances": [
        {
          "schema_version": 0,
          "attributes": {
            "id": "sierra-lambda-role-personal:sierra-lambda-dynamodb-policy-personal",
            "name": "sierra-lambda-dynamodb-policy-personal",
            "name_prefix": null,
            "policy": "{\"Version\":\"2012-10-17\",\"Statement\":[{\"Action\":[\"dynamodb:Query\",\"dynamodb:Scan\",\"dynamodb:GetItem\",\"dynamodb:PutItem\",\"dynamodb:UpdateItem\",\"dynamodb:DeleteItem\",\"dynamodb:BatchWriteItem\",\"dynamodb:BatchGetItem\"],\"Effect\":\"Allow\",\"Resource\":[\"arn:aws:dynamodb:us-east-1:797976479464:table/esg_processed\",\"arn:aws:dynamodb:us-east-1:797976479464:table/esg_processed/index/*\"]}]}",
            "role": "sierra-lambda-role-personal"
          },
          "sensitive_attributes": [],
          "private": "bnVsbA==",
          "dependencies": [
            "aws_dynamodb_table.esg_processed",
            "aws_iam_role.lambda_role"
          ]
        }
      ]
    },
    {
      "mode": "managed",
      "type": "aws_iam_role_policy",
      "name": "lambda_invoke_sagemaker",
      "provider": "provider[\"registry.terraform.io/hashicorp/aws\"]",
      "instances": [
        {
          "schema_version": 0,
          "attributes": {
            "id": "sierra-lambda-role-personal:sagemaker-invoke",
            "name": "sagemaker-invoke",
            "name_prefix": null,
            "policy": "{\"Version\":\"2012-10-17\",\"Statement\":[{\"Action\":\"sagemaker:InvokeEndpoint\",\"Effect\":\"Allow\",\"Resource\":\"arn:aws:sagemaker:us-east-1:797976479464:endpoint/esg-xgboost-endpoint-v3\"}]}",
            "role": "sierra-lambda-role-personal"
          },
          "sensitive_attributes": [],
          "private": "bnVsbA==",
          "dependencies": [
            "aws_iam_role.lambda_role"
          ]
        }
      ]
    },
    {
      "mode": "managed",
      "type": "aws_iam_role_policy",
      "name": "lambda_s3_policy",
      "provider": "provider[\"registry.terraform.io/hashicorp/aws\"]",
      "instances": [
        {
          "schema_version": 0,
          "attributes": {
            "id": "sierra-lambda-role-personal:lambda_s3_policy",
            "name": "lambda_s3_policy",
            "name_prefix": null,
            "policy": "{\"Version\":\"2012-10-17\",\"Statement\":[{\"Action\":[\"s3:GetObject\",\"s3:ListBucket\"],\"Effect\":\"Allow\",\"Resource\":[\"arn:aws:s3:::sierra-personal-bucket-2025\",\"arn:aws:s3:::sierra-personal-bucket-2025/*\"]}]}",
            "role": "sierra-lambda-role-personal"
          },
          "sensitive_attributes": [],
          "private": "bnVsbA==",
          "dependencies": [
            "aws_iam_role.lambda_role"
          ]
        }
      ]
    },
    {
      "mode": "managed",
      "type": "aws_iam_role_policy_attachment",
      "name": "lambda_basic_policy",
      "provider": "provider[\"registry.terraform.io/hashicorp/aws\"]",
      "instances": [
        {
          "schema_version": 0,
          "attributes": {
            "id": "sierra-lambda-role-personal-20250318130658368200000001",
            "policy_arn": "arn:aws:iam::aws:policy/service-role/AWSLambdaBasicExecutionRole",
            "role": "sierra-lambda-role-personal"
          },
          "sensitive_attributes": [],
          "private": "bnVsbA==",
          "dependencies": [
            "aws_iam_role.lambda_role"
          ]
        }
      ]
    },
    {
      "mode": "managed",
      "type": "aws_iam_role_policy_attachment",
      "name": "s3_read_write",
      "provider": "provider[\"registry.terraform.io/hashicorp/aws\"]",
      "instances": [
        {
          "schema_version": 0,
          "attributes": {
            "id": "sagemaker-esg-execution-role-20250407133249361200000001",
            "policy_arn": "arn:aws:iam::aws:policy/AmazonS3FullAccess",
            "role": "sagemaker-esg-execution-role"
          },
          "sensitive_attributes": [],
          "private": "bnVsbA==",
          "dependencies": [
            "aws_iam_role.sagemaker_execution_role"
          ]
        }
      ]
    },
    {
      "mode": "managed",
      "type": "aws_iam_role_policy_attachment",
      "name": "sagemaker_full_access",
      "provider": "provider[\"registry.terraform.io/hashicorp/aws\"]",
      "instances": [
        {
          "schema_version": 0,
          "attributes": {
            "id": "sagemaker-esg-execution-role-20250407133249671100000002",
            "policy_arn": "arn:aws:iam::aws:policy/AmazonSageMakerFullAccess",
            "role": "sagemaker-esg-execution-role"
          },
          "sensitive_attributes": [],
          "private": "bnVsbA==",
          "dependencies": [
            "aws_iam_role.sagemaker_execution_role"
          ]
        }
      ]
    },
    {
      "mode": "managed",
      "type": "aws_lambda_function",
      "name": "api_handler",
      "provider": "provider[\"registry.terraform.io/hashicorp/aws\"]",
      "instances": [
        {
          "schema_version": 0,
          "attributes": {
            "architectures": [
              "x86_64"
            ],
            "arn": "arn:aws:lambda:us-east-1:797976479464:function:sierra-api-handler-personal",
            "code_signing_config_arn": "",
            "dead_letter_config": [],
            "description": "",
            "environment": [
              {
                "variables": {
                  "DYNAMODB_TABLE": "esg_processed"
                }
              }
            ],
            "ephemeral_storage": [
              {
                "size": 512
              }
            ],
            "file_system_config": [],
            "filename": "../app/lambda/api-handler.zip",
            "function_name": "sierra-api-handler-personal",
            "handler": "index.handler",
            "id": "sierra-api-handler-personal",
            "image_config": [],
            "image_uri": "",
            "invoke_arn": "arn:aws:apigateway:us-east-1:lambda:path/2015-03-31/functions/arn:aws:lambda:us-east-1:797976479464:function:sierra-api-handler-personal/invocations",
            "kms_key_arn": "",
            "last_modified": "2025-04-16T16:03:05.000+0000",
            "layers": [],
            "memory_size": 256,
            "package_type": "Zip",
            "publish": false,
            "qualified_arn": "arn:aws:lambda:us-east-1:797976479464:function:sierra-api-handler-personal:$LATEST",
            "qualified_invoke_arn": "arn:aws:apigateway:us-east-1:lambda:path/2015-03-31/functions/arn:aws:lambda:us-east-1:797976479464:function:sierra-api-handler-personal:$LATEST/invocations",
            "replace_security_groups_on_destroy": null,
            "replacement_security_group_ids": null,
            "reserved_concurrent_executions": -1,
            "role": "arn:aws:iam::797976479464:role/sierra-lambda-role-personal",
            "runtime": "nodejs18.x",
            "s3_bucket": null,
            "s3_key": null,
            "s3_object_version": null,
            "signing_job_arn": "",
            "signing_profile_version_arn": "",
            "skip_destroy": false,
            "snap_start": [],
            "source_code_hash": "A/VdgCj/FFInG7UevapAGi6suXCJXJZfDsZgR8EmpNA=",
            "source_code_size": 28881022,
            "tags": {},
            "tags_all": {},
            "timeout": 30,
            "timeouts": null,
            "tracing_config": [
              {
                "mode": "PassThrough"
              }
            ],
            "version": "$LATEST",
            "vpc_config": []
          },
          "sensitive_attributes": [],
          "private": "eyJlMmJmYjczMC1lY2FhLTExZTYtOGY4OC0zNDM2M2JjN2M0YzAiOnsiY3JlYXRlIjo2MDAwMDAwMDAwMDAsImRlbGV0ZSI6NjAwMDAwMDAwMDAwLCJ1cGRhdGUiOjYwMDAwMDAwMDAwMH19",
          "dependencies": [
            "aws_dynamodb_table.esg_processed",
            "aws_iam_role.lambda_role"
          ],
          "create_before_destroy": true
        }
      ]
    },
    {
      "mode": "managed",
      "type": "aws_lambda_function",
      "name": "auth_handler",
      "provider": "provider[\"registry.terraform.io/hashicorp/aws\"]",
      "instances": [
        {
          "schema_version": 0,
          "attributes": {
            "architectures": [
              "x86_64"
            ],
            "arn": "arn:aws:lambda:us-east-1:797976479464:function:sierra-auth-handler-personal",
            "code_signing_config_arn": "",
            "dead_letter_config": [],
            "description": "",
            "environment": [
              {
                "variables": {
                  "DYNAMODB_ENDPOINT": "https://dynamodb.us-east-1.amazonaws.com",
                  "JWT_SECRET": "sierra_jwt_secret_for_production"
                }
              }
            ],
            "ephemeral_storage": [
              {
                "size": 512
              }
            ],
            "file_system_config": [],
            "filename": "../app/lambda/auth-handler.zip",
            "function_name": "sierra-auth-handler-personal",
            "handler": "index.handler",
            "id": "sierra-auth-handler-personal",
            "image_config": [],
            "image_uri": "",
            "invoke_arn": "arn:aws:apigateway:us-east-1:lambda:path/2015-03-31/functions/arn:aws:lambda:us-east-1:797976479464:function:sierra-auth-handler-personal/invocations",
            "kms_key_arn": "",
            "last_modified": "2025-04-17T12:54:01.000+0000",
            "layers": [],
            "memory_size": 256,
            "package_type": "Zip",
            "publish": false,
            "qualified_arn": "arn:aws:lambda:us-east-1:797976479464:function:sierra-auth-handler-personal:$LATEST",
            "qualified_invoke_arn": "arn:aws:apigateway:us-east-1:lambda:path/2015-03-31/functions/arn:aws:lambda:us-east-1:797976479464:function:sierra-auth-handler-personal:$LATEST/invocations",
            "replace_security_groups_on_destroy": null,
            "replacement_security_group_ids": null,
            "reserved_concurrent_executions": -1,
            "role": "arn:aws:iam::797976479464:role/sierra-lambda-role-personal",
            "runtime": "nodejs18.x",
            "s3_bucket": null,
            "s3_key": null,
            "s3_object_version": null,
            "signing_job_arn": "",
            "signing_profile_version_arn": "",
            "skip_destroy": false,
            "snap_start": [],
            "source_code_hash": "KLXuEivva02jYWMiY4pVAtJI9ZcuXMYic3Ho7/Qeaew=",
            "source_code_size": 14618463,
            "tags": {},
            "tags_all": {},
            "timeout": 30,
            "timeouts": null,
            "tracing_config": [
              {
                "mode": "PassThrough"
              }
            ],
            "version": "$LATEST",
            "vpc_config": []
          },
          "sensitive_attributes": [
            [
              {
                "type": "get_attr",
                "value": "environment"
              },
              {
                "type": "index",
                "value": {
                  "value": 0,
                  "type": "number"
                }
              },
              {
                "type": "get_attr",
                "value": "variables"
              },
              {
                "type": "index",
                "value": {
                  "value": "JWT_SECRET",
                  "type": "string"
                }
              }
            ]
          ],
          "private": "eyJlMmJmYjczMC1lY2FhLTExZTYtOGY4OC0zNDM2M2JjN2M0YzAiOnsiY3JlYXRlIjo2MDAwMDAwMDAwMDAsImRlbGV0ZSI6NjAwMDAwMDAwMDAwLCJ1cGRhdGUiOjYwMDAwMDAwMDAwMH19",
          "dependencies": [
            "aws_iam_role.lambda_role"
          ],
          "create_before_destroy": true
        }
      ]
    },
    {
      "mode": "managed",
      "type": "aws_lambda_function",
      "name": "esg_etl",
      "provider": "provider[\"registry.terraform.io/hashicorp/aws\"]",
      "instances": [
        {
          "schema_version": 0,
          "attributes": {
            "architectures": [
              "x86_64"
            ],
            "arn": "arn:aws:lambda:us-east-1:797976479464:function:esg-etl-lambda-personal",
            "code_signing_config_arn": "",
            "dead_letter_config": [],
            "description": "",
            "environment": [
              {
                "variables": {
                  "DYNAMODB_TABLE": "esg_processed",
                  "SAGEMAKER_ENDPOINT": "esg-xgboost-endpoint-v3"
                }
              }
            ],
            "ephemeral_storage": [
              {
                "size": 512
              }
            ],
            "file_system_config": [],
            "filename": "../app/lambda/esg-etl.zip",
            "function_name": "esg-etl-lambda-personal",
            "handler": "index.handler",
            "id": "esg-etl-lambda-personal",
            "image_config": [],
            "image_uri": "",
            "invoke_arn": "arn:aws:apigateway:us-east-1:lambda:path/2015-03-31/functions/arn:aws:lambda:us-east-1:797976479464:function:esg-etl-lambda-personal/invocations",
            "kms_key_arn": "",
            "last_modified": "2025-04-10T12:30:36.000+0000",
            "layers": [
              "arn:aws:lambda:us-east-1:336392948345:layer:AWSSDKPandas-Python39:9"
            ],
            "memory_size": 256,
            "package_type": "Zip",
            "publish": false,
            "qualified_arn": "arn:aws:lambda:us-east-1:797976479464:function:esg-etl-lambda-personal:$LATEST",
            "qualified_invoke_arn": "arn:aws:apigateway:us-east-1:lambda:path/2015-03-31/functions/arn:aws:lambda:us-east-1:797976479464:function:esg-etl-lambda-personal:$LATEST/invocations",
            "replace_security_groups_on_destroy": null,
            "replacement_security_group_ids": null,
            "reserved_concurrent_executions": -1,
            "role": "arn:aws:iam::797976479464:role/sierra-lambda-role-personal",
            "runtime": "python3.9",
            "s3_bucket": null,
            "s3_key": null,
            "s3_object_version": null,
            "signing_job_arn": "",
            "signing_profile_version_arn": "",
            "skip_destroy": false,
            "snap_start": [],
            "source_code_hash": "3rWWlIKPWsl+igQEpzNMRoUvZmRqsey4lIlsa5u9tg8=",
            "source_code_size": 2540,
            "tags": {},
            "tags_all": {},
            "timeout": 60,
            "timeouts": null,
            "tracing_config": [
              {
                "mode": "PassThrough"
              }
            ],
            "version": "$LATEST",
            "vpc_config": []
          },
          "sensitive_attributes": [],
          "private": "eyJlMmJmYjczMC1lY2FhLTExZTYtOGY4OC0zNDM2M2JjN2M0YzAiOnsiY3JlYXRlIjo2MDAwMDAwMDAwMDAsImRlbGV0ZSI6NjAwMDAwMDAwMDAwLCJ1cGRhdGUiOjYwMDAwMDAwMDAwMH19",
          "dependencies": [
            "aws_dynamodb_table.esg_processed",
            "aws_iam_role.lambda_role"
          ]
        }
      ]
    },
    {
      "mode": "managed",
      "type": "aws_lambda_function",
      "name": "predict_handler",
      "provider": "provider[\"registry.terraform.io/hashicorp/aws\"]",
      "instances": [
        {
          "schema_version": 0,
          "attributes": {
            "architectures": [
              "x86_64"
            ],
            "arn": "arn:aws:lambda:us-east-1:797976479464:function:sierra-predict-handler",
            "code_signing_config_arn": "",
            "dead_letter_config": [],
            "description": "",
            "environment": [
              {
                "variables": {
                  "SAGEMAKER_ENDPOINT": "esg-xgboost-endpoint-v3"
                }
              }
            ],
            "ephemeral_storage": [
              {
                "size": 512
              }
            ],
            "file_system_config": [],
            "filename": "../app/lambda/predict-lambda.zip",
            "function_name": "sierra-predict-handler",
            "handler": "index.handler",
            "id": "sierra-predict-handler",
            "image_config": [],
            "image_uri": "",
            "invoke_arn": "arn:aws:apigateway:us-east-1:lambda:path/2015-03-31/functions/arn:aws:lambda:us-east-1:797976479464:function:sierra-predict-handler/invocations",
            "kms_key_arn": "",
            "last_modified": "2025-04-16T16:18:11.000+0000",
            "layers": [
              "arn:aws:lambda:us-east-1:336392948345:layer:AWSSDKPandas-Python39:9"
            ],
            "memory_size": 128,
            "package_type": "Zip",
            "publish": false,
            "qualified_arn": "arn:aws:lambda:us-east-1:797976479464:function:sierra-predict-handler:1",
            "qualified_invoke_arn": "arn:aws:apigateway:us-east-1:lambda:path/2015-03-31/functions/arn:aws:lambda:us-east-1:797976479464:function:sierra-predict-handler:1/invocations",
            "replace_security_groups_on_destroy": null,
            "replacement_security_group_ids": null,
            "reserved_concurrent_executions": -1,
            "role": "arn:aws:iam::797976479464:role/sierra-lambda-role-personal",
            "runtime": "python3.9",
            "s3_bucket": null,
            "s3_key": null,
            "s3_object_version": null,
            "signing_job_arn": "",
            "signing_profile_version_arn": "",
            "skip_destroy": false,
            "snap_start": [],
            "source_code_hash": "F7wwzjDcDYWaJEOHNrUMh9zAZ2gsB3/DO8zk25m1F6c=",
            "source_code_size": 3284,
            "tags": {},
            "tags_all": {},
            "timeout": 3,
            "timeouts": null,
            "tracing_config": [
              {
                "mode": "PassThrough"
              }
            ],
            "version": "1",
            "vpc_config": []
          },
          "sensitive_attributes": [],
          "private": "eyJlMmJmYjczMC1lY2FhLTExZTYtOGY4OC0zNDM2M2JjN2M0YzAiOnsiY3JlYXRlIjo2MDAwMDAwMDAwMDAsImRlbGV0ZSI6NjAwMDAwMDAwMDAwLCJ1cGRhdGUiOjYwMDAwMDAwMDAwMH19",
          "dependencies": [
            "aws_iam_role.lambda_role"
          ],
          "create_before_destroy": true
        }
      ]
    },
    {
      "mode": "managed",
      "type": "aws_lambda_permission",
      "name": "allow_s3",
      "provider": "provider[\"registry.terraform.io/hashicorp/aws\"]",
      "instances": [
        {
          "schema_version": 0,
          "attributes": {
            "action": "lambda:InvokeFunction",
            "event_source_token": null,
            "function_name": "esg-etl-lambda-personal",
            "function_url_auth_type": null,
            "id": "AllowS3Invoke",
            "principal": "s3.amazonaws.com",
            "principal_org_id": null,
            "qualifier": "",
            "source_account": null,
            "source_arn": "arn:aws:s3:::sierra-personal-bucket-2025",
            "statement_id": "AllowS3Invoke",
            "statement_id_prefix": ""
          },
          "sensitive_attributes": [],
          "private": "bnVsbA==",
          "dependencies": [
            "aws_dynamodb_table.esg_processed",
            "aws_iam_role.lambda_role",
            "aws_lambda_function.esg_etl",
            "aws_s3_bucket.sierra_personal"
          ]
        }
      ]
    },
    {
      "mode": "managed",
      "type": "aws_lambda_permission",
      "name": "apigw_all",
      "provider": "provider[\"registry.terraform.io/hashicorp/aws\"]",
      "instances": [
        {
          "schema_version": 0,
          "attributes": {
            "action": "lambda:InvokeFunction",
            "event_source_token": null,
            "function_name": "sierra-api-handler-personal",
            "function_url_auth_type": null,
            "id": "AllowAPIGatewayInvokeAll",
            "principal": "apigateway.amazonaws.com",
            "principal_org_id": null,
            "qualifier": "",
            "source_account": null,
            "source_arn": "arn:aws:execute-api:us-east-1:797976479464:gh4vkppgue/*/*",
            "statement_id": "AllowAPIGatewayInvokeAll",
            "statement_id_prefix": ""
          },
          "sensitive_attributes": [],
          "private": "bnVsbA==",
          "dependencies": [
            "aws_api_gateway_rest_api.sierra_personal",
            "aws_dynamodb_table.esg_processed",
            "aws_iam_role.lambda_role",
            "aws_lambda_function.api_handler"
          ]
        }
      ]
    },
    {
      "mode": "managed",
      "type": "aws_lambda_permission",
      "name": "apigw_auth",
      "provider": "provider[\"registry.terraform.io/hashicorp/aws\"]",
      "instances": [
        {
          "schema_version": 0,
          "attributes": {
            "action": "lambda:InvokeFunction",
            "event_source_token": null,
            "function_name": "sierra-auth-handler-personal",
            "function_url_auth_type": null,
            "id": "AllowAPIGatewayInvokeAuth",
            "principal": "apigateway.amazonaws.com",
            "principal_org_id": null,
            "qualifier": "",
            "source_account": null,
            "source_arn": "arn:aws:execute-api:us-east-1:797976479464:gh4vkppgue/*/*",
            "statement_id": "AllowAPIGatewayInvokeAuth",
            "statement_id_prefix": ""
          },
          "sensitive_attributes": [],
          "private": "bnVsbA==",
          "dependencies": [
            "aws_api_gateway_rest_api.sierra_personal",
            "aws_iam_role.lambda_role",
            "aws_lambda_function.auth_handler"
          ]
        }
      ]
    },
    {
      "mode": "managed",
      "type": "aws_lambda_permission",
      "name": "apigw_company_search",
      "provider": "provider[\"registry.terraform.io/hashicorp/aws\"]",
      "instances": [
        {
          "schema_version": 0,
          "attributes": {
            "action": "lambda:InvokeFunction",
            "event_source_token": null,
            "function_name": "sierra-api-handler-personal",
            "function_url_auth_type": null,
            "id": "AllowAPIGatewayInvokeCompanySearch",
            "principal": "apigateway.amazonaws.com",
            "principal_org_id": null,
            "qualifier": "",
            "source_account": null,
            "source_arn": "arn:aws:execute-api:us-east-1:797976479464:gh4vkppgue/*/GET/api/search/company/*",
            "statement_id": "AllowAPIGatewayInvokeCompanySearch",
            "statement_id_prefix": ""
          },
          "sensitive_attributes": [],
          "private": "bnVsbA==",
          "dependencies": [
            "aws_api_gateway_rest_api.sierra_personal",
            "aws_dynamodb_table.esg_processed",
            "aws_iam_role.lambda_role",
            "aws_lambda_function.api_handler"
          ]
        }
      ]
    },
    {
      "mode": "managed",
      "type": "aws_lambda_permission",
      "name": "apigw_level_search",
      "provider": "provider[\"registry.terraform.io/hashicorp/aws\"]",
      "instances": [
        {
          "schema_version": 0,
          "attributes": {
            "action": "lambda:InvokeFunction",
            "event_source_token": null,
            "function_name": "sierra-api-handler-personal",
            "function_url_auth_type": null,
            "id": "AllowAPIGatewayInvokeLevelSearch",
            "principal": "apigateway.amazonaws.com",
            "principal_org_id": null,
            "qualifier": "",
            "source_account": null,
            "source_arn": "arn:aws:execute-api:us-east-1:797976479464:gh4vkppgue/*/GET/api/search/level/*",
            "statement_id": "AllowAPIGatewayInvokeLevelSearch",
            "statement_id_prefix": ""
          },
          "sensitive_attributes": [],
          "private": "bnVsbA==",
          "dependencies": [
            "aws_api_gateway_rest_api.sierra_personal",
            "aws_dynamodb_table.esg_processed",
            "aws_iam_role.lambda_role",
            "aws_lambda_function.api_handler"
          ]
        }
      ]
    },
    {
      "mode": "managed",
      "type": "aws_lambda_permission",
      "name": "apigw_predict",
      "provider": "provider[\"registry.terraform.io/hashicorp/aws\"]",
      "instances": [
        {
          "schema_version": 0,
          "attributes": {
            "action": "lambda:InvokeFunction",
            "event_source_token": null,
            "function_name": "sierra-predict-handler",
            "function_url_auth_type": null,
            "id": "AllowAPIGatewayInvokePredict",
            "principal": "apigateway.amazonaws.com",
            "principal_org_id": null,
            "qualifier": "",
            "source_account": null,
            "source_arn": "arn:aws:execute-api:us-east-1:797976479464:gh4vkppgue/*/*",
            "statement_id": "AllowAPIGatewayInvokePredict",
            "statement_id_prefix": ""
          },
          "sensitive_attributes": [],
          "private": "bnVsbA==",
          "dependencies": [
            "aws_api_gateway_rest_api.sierra_personal",
            "aws_iam_role.lambda_role",
            "aws_lambda_function.predict_handler"
          ]
        }
      ]
    },
    {
      "mode": "managed",
      "type": "aws_lambda_permission",
      "name": "apigw_score_range",
      "provider": "provider[\"registry.terraform.io/hashicorp/aws\"]",
      "instances": [
        {
          "schema_version": 0,
          "attributes": {
            "action": "lambda:InvokeFunction",
            "event_source_token": null,
            "function_name": "sierra-api-handler-personal",
            "function_url_auth_type": null,
            "id": "AllowAPIGatewayInvokeScoreRange",
            "principal": "apigateway.amazonaws.com",
            "principal_org_id": null,
            "qualifier": "",
            "source_account": null,
            "source_arn": "arn:aws:execute-api:us-east-1:797976479464:gh4vkppgue/*/GET/api/search/score/*/*",
            "statement_id": "AllowAPIGatewayInvokeScoreRange",
            "statement_id_prefix": ""
          },
          "sensitive_attributes": [],
          "private": "bnVsbA==",
          "dependencies": [
            "aws_api_gateway_rest_api.sierra_personal",
            "aws_dynamodb_table.esg_processed",
            "aws_iam_role.lambda_role",
            "aws_lambda_function.api_handler"
          ]
        }
      ]
    },
    {
      "mode": "managed",
      "type": "aws_lambda_permission",
      "name": "apigw_score_search",
      "provider": "provider[\"registry.terraform.io/hashicorp/aws\"]",
      "instances": [
        {
          "schema_version": 0,
          "attributes": {
            "action": "lambda:InvokeFunction",
            "event_source_token": null,
            "function_name": "sierra-api-handler-personal",
            "function_url_auth_type": null,
            "id": "AllowAPIGatewayInvokeScoreSearch",
            "principal": "apigateway.amazonaws.com",
            "principal_org_id": null,
            "qualifier": "",
            "source_account": null,
            "source_arn": "arn:aws:execute-api:us-east-1:797976479464:gh4vkppgue/*/GET/api/search/score/*",
            "statement_id": "AllowAPIGatewayInvokeScoreSearch",
            "statement_id_prefix": ""
          },
          "sensitive_attributes": [],
          "private": "bnVsbA==",
          "dependencies": [
            "aws_api_gateway_rest_api.sierra_personal",
            "aws_dynamodb_table.esg_processed",
            "aws_iam_role.lambda_role",
            "aws_lambda_function.api_handler"
          ]
        }
      ]
    },
    {
      "mode": "managed",
      "type": "aws_s3_bucket",
      "name": "sierra_personal",
      "provider": "provider[\"registry.terraform.io/hashicorp/aws\"]",
      "instances": [
        {
          "schema_version": 0,
          "attributes": {
            "acceleration_status": "",
            "acl": null,
            "arn": "arn:aws:s3:::sierra-personal-bucket-2025",
            "bucket": "sierra-personal-bucket-2025",
            "bucket_domain_name": "sierra-personal-bucket-2025.s3.amazonaws.com",
            "bucket_prefix": "",
            "bucket_regional_domain_name": "sierra-personal-bucket-2025.s3.amazonaws.com",
            "cors_rule": [],
            "force_destroy": false,
            "grant": [
              {
                "id": "3643477d05db4676c1507a2ad09824566827011bd983cc7f767f4ee4630f21bb",
                "permissions": [
                  "FULL_CONTROL"
                ],
                "type": "CanonicalUser",
                "uri": ""
              }
            ],
            "hosted_zone_id": "Z3AQBSTGFYJSTF",
            "id": "sierra-personal-bucket-2025",
            "lifecycle_rule": [],
            "logging": [],
            "object_lock_configuration": [],
            "object_lock_enabled": false,
            "policy": "",
            "region": "us-east-1",
            "replication_configuration": [],
            "request_payer": "BucketOwner",
            "server_side_encryption_configuration": [
              {
                "rule": [
                  {
                    "apply_server_side_encryption_by_default": [
                      {
                        "kms_master_key_id": "",
                        "sse_algorithm": "AES256"
                      }
                    ],
                    "bucket_key_enabled": false
                  }
                ]
              }
            ],
            "tags": {},
            "tags_all": {},
            "timeouts": null,
            "versioning": [
              {
                "enabled": false,
                "mfa_delete": false
              }
            ],
            "website": [],
            "website_domain": null,
            "website_endpoint": null
          },
          "sensitive_attributes": [],
          "private": "eyJlMmJmYjczMC1lY2FhLTExZTYtOGY4OC0zNDM2M2JjN2M0YzAiOnsiY3JlYXRlIjoxMjAwMDAwMDAwMDAwLCJkZWxldGUiOjM2MDAwMDAwMDAwMDAsInJlYWQiOjEyMDAwMDAwMDAwMDAsInVwZGF0ZSI6MTIwMDAwMDAwMDAwMH19"
        }
      ]
    },
    {
      "mode": "managed",
      "type": "aws_sagemaker_endpoint_configuration",
      "name": "esg_endpoint_config",
      "provider": "provider[\"registry.terraform.io/hashicorp/aws\"]",
      "instances": [
        {
          "schema_version": 0,
          "attributes": {
            "arn": "arn:aws:sagemaker:us-east-1:797976479464:endpoint-config/esg-endpoint-config",
            "async_inference_config": [],
            "data_capture_config": [],
            "id": "esg-endpoint-config",
            "kms_key_arn": "",
            "name": "esg-endpoint-config",
            "name_prefix": "",
            "production_variants": [
              {
                "accelerator_type": "",
                "container_startup_health_check_timeout_in_seconds": 0,
                "core_dump_config": [],
                "enable_ssm_access": false,
                "initial_instance_count": 1,
                "initial_variant_weight": 1,
                "instance_type": "ml.m5.large",
                "model_data_download_timeout_in_seconds": 0,
                "model_name": "esg-xgboost-model",
                "serverless_config": [],
                "variant_name": "AllTraffic",
                "volume_size_in_gb": 0
              }
            ],
            "shadow_production_variants": [],
            "tags": {},
            "tags_all": {}
          },
          "sensitive_attributes": [],
          "private": "bnVsbA==",
          "dependencies": [
            "aws_iam_role.sagemaker_execution_role",
            "aws_sagemaker_model.esg_model",
            "data.aws_sagemaker_prebuilt_ecr_image.xgboost_image"
          ]
        }
      ]
    },
    {
      "mode": "managed",
      "type": "aws_sagemaker_model",
      "name": "esg_model",
      "provider": "provider[\"registry.terraform.io/hashicorp/aws\"]",
      "instances": [
        {
          "schema_version": 0,
          "attributes": {
            "arn": "arn:aws:sagemaker:us-east-1:797976479464:model/esg-xgboost-model",
            "container": [],
            "enable_network_isolation": false,
            "execution_role_arn": "arn:aws:iam::797976479464:role/sagemaker-esg-execution-role",
            "id": "esg-xgboost-model",
            "inference_execution_config": [],
            "name": "esg-xgboost-model",
            "primary_container": [
              {
                "container_hostname": "",
                "environment": {},
                "image": "683313688378.dkr.ecr.us-east-1.amazonaws.com/sagemaker-xgboost:1.7-1",
                "image_config": [],
                "mode": "SingleModel",
                "model_data_url": "s3://sierra-personal-bucket-2025/models/esg-model.tar.gz"
              }
            ],
            "tags": {},
            "tags_all": {},
            "vpc_config": []
          },
          "sensitive_attributes": [],
          "private": "bnVsbA==",
          "dependencies": [
            "aws_iam_role.sagemaker_execution_role",
            "data.aws_sagemaker_prebuilt_ecr_image.xgboost_image"
          ]
        }
      ]
    }
  ],
  "check_results": null
}
